// !$*UTF8*$!
{
	archiveVersion = 1;
	classes = {
	};
	objectVersion = 46;
	objects = {

/* Begin PBXBuildFile section */
		D6F09187227740BEB775416F /* libPods.a in Frameworks */ = {isa = PBXBuildFile; fileRef = 0C3AE4F2E0BC4ACB8EB76E8F /* libPods.a */; };
		E557A4A3196C852200537F37 /* Foundation.framework in Frameworks */ = {isa = PBXBuildFile; fileRef = E557A4A2196C852200537F37 /* Foundation.framework */; };
		E557A4A5196C852200537F37 /* CoreGraphics.framework in Frameworks */ = {isa = PBXBuildFile; fileRef = E557A4A4196C852200537F37 /* CoreGraphics.framework */; };
		E557A4A7196C852200537F37 /* UIKit.framework in Frameworks */ = {isa = PBXBuildFile; fileRef = E557A4A6196C852200537F37 /* UIKit.framework */; };
		E557A4C2196C852200537F37 /* XCTest.framework in Frameworks */ = {isa = PBXBuildFile; fileRef = E557A4C1196C852200537F37 /* XCTest.framework */; };
		E557A4C3196C852200537F37 /* Foundation.framework in Frameworks */ = {isa = PBXBuildFile; fileRef = E557A4A2196C852200537F37 /* Foundation.framework */; };
		E557A4C4196C852200537F37 /* UIKit.framework in Frameworks */ = {isa = PBXBuildFile; fileRef = E557A4A6196C852200537F37 /* UIKit.framework */; };
		E557A4CC196C852200537F37 /* InfoPlist.strings in Resources */ = {isa = PBXBuildFile; fileRef = E557A4CA196C852200537F37 /* InfoPlist.strings */; };
		E557A4CE196C852200537F37 /* WeatherForecastTests.m in Sources */ = {isa = PBXBuildFile; fileRef = E557A4CD196C852200537F37 /* WeatherForecastTests.m */; };
		E557A501196C860500537F37 /* ACEphemeralObject.m in Sources */ = {isa = PBXBuildFile; fileRef = E557A4DA196C860500537F37 /* ACEphemeralObject.m */; };
		E557A502196C860500537F37 /* ActivityRecordObjectiveC.xcdatamodeld in Sources */ = {isa = PBXBuildFile; fileRef = E557A4DB196C860500537F37 /* ActivityRecordObjectiveC.xcdatamodeld */; };
		E557A503196C860500537F37 /* Geo.m in Sources */ = {isa = PBXBuildFile; fileRef = E557A4DE196C860500537F37 /* Geo.m */; };
		E557A504196C860500537F37 /* User.m in Sources */ = {isa = PBXBuildFile; fileRef = E557A4E0196C860500537F37 /* User.m */; };
		E557A506196C860500537F37 /* NCNetworkManager.m in Sources */ = {isa = PBXBuildFile; fileRef = E557A4EA196C860500537F37 /* NCNetworkManager.m */; };
		E557A507196C860500537F37 /* NCNetworkRequestSerializer.m in Sources */ = {isa = PBXBuildFile; fileRef = E557A4EC196C860500537F37 /* NCNetworkRequestSerializer.m */; };
		E557A508196C860500537F37 /* NCNetworkResponseSerializer.m in Sources */ = {isa = PBXBuildFile; fileRef = E557A4EE196C860500537F37 /* NCNetworkResponseSerializer.m */; };
		E557A509196C860500537F37 /* NCNetworkClient.m in Sources */ = {isa = PBXBuildFile; fileRef = E557A4F0196C860500537F37 /* NCNetworkClient.m */; };
		E557A50A196C860500537F37 /* Main.storyboard in Resources */ = {isa = PBXBuildFile; fileRef = E557A4F2196C860500537F37 /* Main.storyboard */; };
		E557A50B196C860500537F37 /* InfoPlist.strings in Resources */ = {isa = PBXBuildFile; fileRef = E557A4F4196C860500537F37 /* InfoPlist.strings */; };
		E557A50C196C860500537F37 /* Images.xcassets in Resources */ = {isa = PBXBuildFile; fileRef = E557A4F6196C860500537F37 /* Images.xcassets */; };
		E557A50D196C860500537F37 /* main.m in Sources */ = {isa = PBXBuildFile; fileRef = E557A4F8196C860500537F37 /* main.m */; };
		E557A50F196C860500537F37 /* WFAppDelegate.m in Sources */ = {isa = PBXBuildFile; fileRef = E557A4FC196C860500537F37 /* WFAppDelegate.m */; };
		E557A510196C860500537F37 /* PHClassTypeConvertor.m in Sources */ = {isa = PBXBuildFile; fileRef = E557A4FF196C860500537F37 /* PHClassTypeConvertor.m */; };
		E557A554196C8B4900537F37 /* WFLeftSideCityListViewController.m in Sources */ = {isa = PBXBuildFile; fileRef = E557A553196C8B4900537F37 /* WFLeftSideCityListViewController.m */; };
		E557A557196C8B7400537F37 /* WFCityWeatherViewController.m in Sources */ = {isa = PBXBuildFile; fileRef = E557A556196C8B7400537F37 /* WFCityWeatherViewController.m */; };
		E557A55A196C8B8100537F37 /* WFRightSideCityLookupViewController.m in Sources */ = {isa = PBXBuildFile; fileRef = E557A559196C8B8100537F37 /* WFRightSideCityLookupViewController.m */; };
		E5CC168C196C97F400CC06C6 /* WFAppearenceManager.m in Sources */ = {isa = PBXBuildFile; fileRef = E5CC168B196C97F400CC06C6 /* WFAppearenceManager.m */; };
		E5CC1690196C999E00CC06C6 /* WFPageDataSourceViewController.m in Sources */ = {isa = PBXBuildFile; fileRef = E5CC168F196C999E00CC06C6 /* WFPageDataSourceViewController.m */; };
/* End PBXBuildFile section */

/* Begin PBXContainerItemProxy section */
		E557A4C5196C852200537F37 /* PBXContainerItemProxy */ = {
			isa = PBXContainerItemProxy;
			containerPortal = E557A497196C852200537F37 /* Project object */;
			proxyType = 1;
			remoteGlobalIDString = E557A49E196C852200537F37;
			remoteInfo = WeatherForecast;
		};
/* End PBXContainerItemProxy section */

/* Begin PBXFileReference section */
		0C3AE4F2E0BC4ACB8EB76E8F /* libPods.a */ = {isa = PBXFileReference; explicitFileType = archive.ar; includeInIndex = 0; path = libPods.a; sourceTree = BUILT_PRODUCTS_DIR; };
		777A1EF3017847CE9A4EB278 /* Pods.xcconfig */ = {isa = PBXFileReference; includeInIndex = 1; lastKnownFileType = text.xcconfig; name = Pods.xcconfig; path = Pods/Pods.xcconfig; sourceTree = "<group>"; };
		E557A49F196C852200537F37 /* WeatherForecast.app */ = {isa = PBXFileReference; explicitFileType = wrapper.application; includeInIndex = 0; path = WeatherForecast.app; sourceTree = BUILT_PRODUCTS_DIR; };
		E557A4A2196C852200537F37 /* Foundation.framework */ = {isa = PBXFileReference; lastKnownFileType = wrapper.framework; name = Foundation.framework; path = System/Library/Frameworks/Foundation.framework; sourceTree = SDKROOT; };
		E557A4A4196C852200537F37 /* CoreGraphics.framework */ = {isa = PBXFileReference; lastKnownFileType = wrapper.framework; name = CoreGraphics.framework; path = System/Library/Frameworks/CoreGraphics.framework; sourceTree = SDKROOT; };
		E557A4A6196C852200537F37 /* UIKit.framework */ = {isa = PBXFileReference; lastKnownFileType = wrapper.framework; name = UIKit.framework; path = System/Library/Frameworks/UIKit.framework; sourceTree = SDKROOT; };
		E557A4C0196C852200537F37 /* WeatherForecastTests.xctest */ = {isa = PBXFileReference; explicitFileType = wrapper.cfbundle; includeInIndex = 0; path = WeatherForecastTests.xctest; sourceTree = BUILT_PRODUCTS_DIR; };
		E557A4C1196C852200537F37 /* XCTest.framework */ = {isa = PBXFileReference; lastKnownFileType = wrapper.framework; name = XCTest.framework; path = Library/Frameworks/XCTest.framework; sourceTree = DEVELOPER_DIR; };
		E557A4C9196C852200537F37 /* WeatherForecastTests-Info.plist */ = {isa = PBXFileReference; lastKnownFileType = text.plist.xml; path = "WeatherForecastTests-Info.plist"; sourceTree = "<group>"; };
		E557A4CB196C852200537F37 /* en */ = {isa = PBXFileReference; lastKnownFileType = text.plist.strings; name = en; path = en.lproj/InfoPlist.strings; sourceTree = "<group>"; };
		E557A4CD196C852200537F37 /* WeatherForecastTests.m */ = {isa = PBXFileReference; lastKnownFileType = sourcecode.c.objc; path = WeatherForecastTests.m; sourceTree = "<group>"; };
		E557A4D9196C860500537F37 /* ACEphemeralObject.h */ = {isa = PBXFileReference; fileEncoding = 4; lastKnownFileType = sourcecode.c.h; path = ACEphemeralObject.h; sourceTree = "<group>"; };
		E557A4DA196C860500537F37 /* ACEphemeralObject.m */ = {isa = PBXFileReference; fileEncoding = 4; lastKnownFileType = sourcecode.c.objc; path = ACEphemeralObject.m; sourceTree = "<group>"; };
		E557A4DC196C860500537F37 /* ActivityRecordObjectiveC.xcdatamodel */ = {isa = PBXFileReference; lastKnownFileType = wrapper.xcdatamodel; path = ActivityRecordObjectiveC.xcdatamodel; sourceTree = "<group>"; };
		E557A4DD196C860500537F37 /* Geo.h */ = {isa = PBXFileReference; fileEncoding = 4; lastKnownFileType = sourcecode.c.h; path = Geo.h; sourceTree = "<group>"; };
		E557A4DE196C860500537F37 /* Geo.m */ = {isa = PBXFileReference; fileEncoding = 4; lastKnownFileType = sourcecode.c.objc; path = Geo.m; sourceTree = "<group>"; };
		E557A4DF196C860500537F37 /* User.h */ = {isa = PBXFileReference; fileEncoding = 4; lastKnownFileType = sourcecode.c.h; path = User.h; sourceTree = "<group>"; };
		E557A4E0196C860500537F37 /* User.m */ = {isa = PBXFileReference; fileEncoding = 4; lastKnownFileType = sourcecode.c.objc; path = User.m; sourceTree = "<group>"; };
		E557A4E9196C860500537F37 /* NCNetworkManager.h */ = {isa = PBXFileReference; fileEncoding = 4; lastKnownFileType = sourcecode.c.h; path = NCNetworkManager.h; sourceTree = "<group>"; };
		E557A4EA196C860500537F37 /* NCNetworkManager.m */ = {isa = PBXFileReference; fileEncoding = 4; lastKnownFileType = sourcecode.c.objc; path = NCNetworkManager.m; sourceTree = "<group>"; };
		E557A4EB196C860500537F37 /* NCNetworkRequestSerializer.h */ = {isa = PBXFileReference; fileEncoding = 4; lastKnownFileType = sourcecode.c.h; path = NCNetworkRequestSerializer.h; sourceTree = "<group>"; };
		E557A4EC196C860500537F37 /* NCNetworkRequestSerializer.m */ = {isa = PBXFileReference; fileEncoding = 4; lastKnownFileType = sourcecode.c.objc; path = NCNetworkRequestSerializer.m; sourceTree = "<group>"; };
		E557A4ED196C860500537F37 /* NCNetworkResponseSerializer.h */ = {isa = PBXFileReference; fileEncoding = 4; lastKnownFileType = sourcecode.c.h; path = NCNetworkResponseSerializer.h; sourceTree = "<group>"; };
		E557A4EE196C860500537F37 /* NCNetworkResponseSerializer.m */ = {isa = PBXFileReference; fileEncoding = 4; lastKnownFileType = sourcecode.c.objc; path = NCNetworkResponseSerializer.m; sourceTree = "<group>"; };
		E557A4EF196C860500537F37 /* NCNetworkClient.h */ = {isa = PBXFileReference; fileEncoding = 4; lastKnownFileType = sourcecode.c.h; path = NCNetworkClient.h; sourceTree = "<group>"; };
		E557A4F0196C860500537F37 /* NCNetworkClient.m */ = {isa = PBXFileReference; fileEncoding = 4; lastKnownFileType = sourcecode.c.objc; path = NCNetworkClient.m; sourceTree = "<group>"; };
		E557A4F3196C860500537F37 /* Base */ = {isa = PBXFileReference; lastKnownFileType = file.storyboard; name = Base; path = Base.lproj/Main.storyboard; sourceTree = "<group>"; };
		E557A4F5196C860500537F37 /* en */ = {isa = PBXFileReference; lastKnownFileType = text.plist.strings; name = en; path = en.lproj/InfoPlist.strings; sourceTree = "<group>"; };
		E557A4F6196C860500537F37 /* Images.xcassets */ = {isa = PBXFileReference; lastKnownFileType = folder.assetcatalog; path = Images.xcassets; sourceTree = "<group>"; };
		E557A4F8196C860500537F37 /* main.m */ = {isa = PBXFileReference; fileEncoding = 4; lastKnownFileType = sourcecode.c.objc; path = main.m; sourceTree = "<group>"; };
		E557A4F9196C860500537F37 /* WeatherForecast-Info.plist */ = {isa = PBXFileReference; fileEncoding = 4; lastKnownFileType = text.plist.xml; path = "WeatherForecast-Info.plist"; sourceTree = "<group>"; };
		E557A4FA196C860500537F37 /* WeatherForecast-Prefix.pch */ = {isa = PBXFileReference; fileEncoding = 4; lastKnownFileType = sourcecode.c.h; path = "WeatherForecast-Prefix.pch"; sourceTree = "<group>"; };
		E557A4FB196C860500537F37 /* WFAppDelegate.h */ = {isa = PBXFileReference; fileEncoding = 4; lastKnownFileType = sourcecode.c.h; path = WFAppDelegate.h; sourceTree = "<group>"; };
		E557A4FC196C860500537F37 /* WFAppDelegate.m */ = {isa = PBXFileReference; fileEncoding = 4; lastKnownFileType = sourcecode.c.objc; path = WFAppDelegate.m; sourceTree = "<group>"; };
		E557A4FE196C860500537F37 /* PHClassTypeConvertor.h */ = {isa = PBXFileReference; fileEncoding = 4; lastKnownFileType = sourcecode.c.h; path = PHClassTypeConvertor.h; sourceTree = "<group>"; };
		E557A4FF196C860500537F37 /* PHClassTypeConvertor.m */ = {isa = PBXFileReference; fileEncoding = 4; lastKnownFileType = sourcecode.c.objc; path = PHClassTypeConvertor.m; sourceTree = "<group>"; };
		E557A552196C8B4900537F37 /* WFLeftSideCityListViewController.h */ = {isa = PBXFileReference; fileEncoding = 4; lastKnownFileType = sourcecode.c.h; path = WFLeftSideCityListViewController.h; sourceTree = "<group>"; };
		E557A553196C8B4900537F37 /* WFLeftSideCityListViewController.m */ = {isa = PBXFileReference; fileEncoding = 4; lastKnownFileType = sourcecode.c.objc; path = WFLeftSideCityListViewController.m; sourceTree = "<group>"; };
		E557A555196C8B7400537F37 /* WFCityWeatherViewController.h */ = {isa = PBXFileReference; fileEncoding = 4; lastKnownFileType = sourcecode.c.h; path = WFCityWeatherViewController.h; sourceTree = "<group>"; };
		E557A556196C8B7400537F37 /* WFCityWeatherViewController.m */ = {isa = PBXFileReference; fileEncoding = 4; lastKnownFileType = sourcecode.c.objc; path = WFCityWeatherViewController.m; sourceTree = "<group>"; };
		E557A558196C8B8100537F37 /* WFRightSideCityLookupViewController.h */ = {isa = PBXFileReference; fileEncoding = 4; lastKnownFileType = sourcecode.c.h; path = WFRightSideCityLookupViewController.h; sourceTree = "<group>"; };
		E557A559196C8B8100537F37 /* WFRightSideCityLookupViewController.m */ = {isa = PBXFileReference; fileEncoding = 4; lastKnownFileType = sourcecode.c.objc; path = WFRightSideCityLookupViewController.m; sourceTree = "<group>"; };
		E5CC168A196C97F400CC06C6 /* WFAppearenceManager.h */ = {isa = PBXFileReference; fileEncoding = 4; lastKnownFileType = sourcecode.c.h; path = WFAppearenceManager.h; sourceTree = "<group>"; };
		E5CC168B196C97F400CC06C6 /* WFAppearenceManager.m */ = {isa = PBXFileReference; fileEncoding = 4; lastKnownFileType = sourcecode.c.objc; path = WFAppearenceManager.m; sourceTree = "<group>"; };
		E5CC168E196C999E00CC06C6 /* WFPageDataSourceViewController.h */ = {isa = PBXFileReference; fileEncoding = 4; lastKnownFileType = sourcecode.c.h; path = WFPageDataSourceViewController.h; sourceTree = "<group>"; };
		E5CC168F196C999E00CC06C6 /* WFPageDataSourceViewController.m */ = {isa = PBXFileReference; fileEncoding = 4; lastKnownFileType = sourcecode.c.objc; path = WFPageDataSourceViewController.m; sourceTree = "<group>"; };
/* End PBXFileReference section */

/* Begin PBXFrameworksBuildPhase section */
		E557A49C196C852200537F37 /* Frameworks */ = {
			isa = PBXFrameworksBuildPhase;
			buildActionMask = 2147483647;
			files = (
				E557A4A5196C852200537F37 /* CoreGraphics.framework in Frameworks */,
				E557A4A7196C852200537F37 /* UIKit.framework in Frameworks */,
				E557A4A3196C852200537F37 /* Foundation.framework in Frameworks */,
				D6F09187227740BEB775416F /* libPods.a in Frameworks */,
			);
			runOnlyForDeploymentPostprocessing = 0;
		};
		E557A4BD196C852200537F37 /* Frameworks */ = {
			isa = PBXFrameworksBuildPhase;
			buildActionMask = 2147483647;
			files = (
				E557A4C2196C852200537F37 /* XCTest.framework in Frameworks */,
				E557A4C4196C852200537F37 /* UIKit.framework in Frameworks */,
				E557A4C3196C852200537F37 /* Foundation.framework in Frameworks */,
			);
			runOnlyForDeploymentPostprocessing = 0;
		};
/* End PBXFrameworksBuildPhase section */

/* Begin PBXGroup section */
		E557A496196C852200537F37 = {
			isa = PBXGroup;
			children = (
				E557A4A8196C852200537F37 /* WeatherForecast */,
				E557A4C7196C852200537F37 /* WeatherForecastTests */,
				E557A4A1196C852200537F37 /* Frameworks */,
				E557A4A0196C852200537F37 /* Products */,
				777A1EF3017847CE9A4EB278 /* Pods.xcconfig */,
			);
			sourceTree = "<group>";
		};
		E557A4A0196C852200537F37 /* Products */ = {
			isa = PBXGroup;
			children = (
				E557A49F196C852200537F37 /* WeatherForecast.app */,
				E557A4C0196C852200537F37 /* WeatherForecastTests.xctest */,
			);
			name = Products;
			sourceTree = "<group>";
		};
		E557A4A1196C852200537F37 /* Frameworks */ = {
			isa = PBXGroup;
			children = (
				E557A4A2196C852200537F37 /* Foundation.framework */,
				E557A4A4196C852200537F37 /* CoreGraphics.framework */,
				E557A4A6196C852200537F37 /* UIKit.framework */,
				E557A4C1196C852200537F37 /* XCTest.framework */,
				0C3AE4F2E0BC4ACB8EB76E8F /* libPods.a */,
			);
			name = Frameworks;
			sourceTree = "<group>";
		};
		E557A4A8196C852200537F37 /* WeatherForecast */ = {
			isa = PBXGroup;
			children = (
				E557A4D7196C860500537F37 /* Category */,
				E557A4D8196C860500537F37 /* CoreData Layer */,
				E557A4E1196C860500537F37 /* Interface Layer */,
				E557A4E7196C860500537F37 /* Network layer */,
				E557A4F1196C860500537F37 /* Resources */,
				E557A4F7196C860500537F37 /* Supporting Files */,
				E557A4FD196C860500537F37 /* Utility */,
				E557A500196C860500537F37 /* Vendor */,
			);
			path = WeatherForecast;
			sourceTree = "<group>";
		};
		E557A4C7196C852200537F37 /* WeatherForecastTests */ = {
			isa = PBXGroup;
			children = (
				E557A4CD196C852200537F37 /* WeatherForecastTests.m */,
				E557A4C8196C852200537F37 /* Supporting Files */,
			);
			path = WeatherForecastTests;
			sourceTree = "<group>";
		};
		E557A4C8196C852200537F37 /* Supporting Files */ = {
			isa = PBXGroup;
			children = (
				E557A4C9196C852200537F37 /* WeatherForecastTests-Info.plist */,
				E557A4CA196C852200537F37 /* InfoPlist.strings */,
			);
			name = "Supporting Files";
			sourceTree = "<group>";
		};
		E557A4D7196C860500537F37 /* Category */ = {
			isa = PBXGroup;
			children = (
			);
			path = Category;
			sourceTree = "<group>";
		};
		E557A4D8196C860500537F37 /* CoreData Layer */ = {
			isa = PBXGroup;
			children = (
				E557A4D9196C860500537F37 /* ACEphemeralObject.h */,
				E557A4DA196C860500537F37 /* ACEphemeralObject.m */,
				E557A4DB196C860500537F37 /* ActivityRecordObjectiveC.xcdatamodeld */,
				E557A4DD196C860500537F37 /* Geo.h */,
				E557A4DE196C860500537F37 /* Geo.m */,
				E557A4DF196C860500537F37 /* User.h */,
				E557A4E0196C860500537F37 /* User.m */,
			);
			path = "CoreData Layer";
			sourceTree = "<group>";
		};
		E557A4E1196C860500537F37 /* Interface Layer */ = {
			isa = PBXGroup;
			children = (
				E557A4E2196C860500537F37 /* Cells */,
				E557A4E3196C860500537F37 /* View Controllers */,
				E557A4E6196C860500537F37 /* Views */,
			);
			path = "Interface Layer";
			sourceTree = "<group>";
		};
		E557A4E2196C860500537F37 /* Cells */ = {
			isa = PBXGroup;
			children = (
			);
			path = Cells;
			sourceTree = "<group>";
		};
		E557A4E3196C860500537F37 /* View Controllers */ = {
			isa = PBXGroup;
			children = (
				E557A552196C8B4900537F37 /* WFLeftSideCityListViewController.h */,
				E557A553196C8B4900537F37 /* WFLeftSideCityListViewController.m */,
				E557A555196C8B7400537F37 /* WFCityWeatherViewController.h */,
				E557A556196C8B7400537F37 /* WFCityWeatherViewController.m */,
				E557A558196C8B8100537F37 /* WFRightSideCityLookupViewController.h */,
				E557A559196C8B8100537F37 /* WFRightSideCityLookupViewController.m */,
				E5CC168E196C999E00CC06C6 /* WFPageDataSourceViewController.h */,
				E5CC168F196C999E00CC06C6 /* WFPageDataSourceViewController.m */,
			);
			path = "View Controllers";
			sourceTree = "<group>";
		};
		E557A4E6196C860500537F37 /* Views */ = {
			isa = PBXGroup;
			children = (
			);
			path = Views;
			sourceTree = "<group>";
		};
		E557A4E7196C860500537F37 /* Network layer */ = {
			isa = PBXGroup;
			children = (
				E557A4E8196C860500537F37 /* Client */,
				E557A4EF196C860500537F37 /* NCNetworkClient.h */,
				E557A4F0196C860500537F37 /* NCNetworkClient.m */,
			);
			path = "Network layer";
			sourceTree = "<group>";
		};
		E557A4E8196C860500537F37 /* Client */ = {
			isa = PBXGroup;
			children = (
				E557A4E9196C860500537F37 /* NCNetworkManager.h */,
				E557A4EA196C860500537F37 /* NCNetworkManager.m */,
				E557A4EB196C860500537F37 /* NCNetworkRequestSerializer.h */,
				E557A4EC196C860500537F37 /* NCNetworkRequestSerializer.m */,
				E557A4ED196C860500537F37 /* NCNetworkResponseSerializer.h */,
				E557A4EE196C860500537F37 /* NCNetworkResponseSerializer.m */,
			);
			path = Client;
			sourceTree = "<group>";
		};
		E557A4F1196C860500537F37 /* Resources */ = {
			isa = PBXGroup;
			children = (
				E557A4F2196C860500537F37 /* Main.storyboard */,
				E557A4F4196C860500537F37 /* InfoPlist.strings */,
				E557A4F6196C860500537F37 /* Images.xcassets */,
			);
			path = Resources;
			sourceTree = "<group>";
		};
		E557A4F7196C860500537F37 /* Supporting Files */ = {
			isa = PBXGroup;
			children = (
				E557A4F8196C860500537F37 /* main.m */,
				E557A4F9196C860500537F37 /* WeatherForecast-Info.plist */,
				E557A4FA196C860500537F37 /* WeatherForecast-Prefix.pch */,
				E557A4FB196C860500537F37 /* WFAppDelegate.h */,
				E557A4FC196C860500537F37 /* WFAppDelegate.m */,
			);
			path = "Supporting Files";
			sourceTree = "<group>";
		};
		E557A4FD196C860500537F37 /* Utility */ = {
			isa = PBXGroup;
			children = (
				E557A4FE196C860500537F37 /* PHClassTypeConvertor.h */,
				E557A4FF196C860500537F37 /* PHClassTypeConvertor.m */,
				E5CC168A196C97F400CC06C6 /* WFAppearenceManager.h */,
				E5CC168B196C97F400CC06C6 /* WFAppearenceManager.m */,
			);
			path = Utility;
			sourceTree = "<group>";
		};
		E557A500196C860500537F37 /* Vendor */ = {
			isa = PBXGroup;
			children = (
			);
			path = Vendor;
			sourceTree = "<group>";
		};
/* End PBXGroup section */

/* Begin PBXNativeTarget section */
		E557A49E196C852200537F37 /* WeatherForecast */ = {
			isa = PBXNativeTarget;
			buildConfigurationList = E557A4D1196C852200537F37 /* Build configuration list for PBXNativeTarget "WeatherForecast" */;
			buildPhases = (
				717BB15F4D524F25BA265A5C /* Check Pods Manifest.lock */,
				E557A49B196C852200537F37 /* Sources */,
				E557A49C196C852200537F37 /* Frameworks */,
				E557A49D196C852200537F37 /* Resources */,
				C7703A815EA04AFCBD91EADE /* Copy Pods Resources */,
			);
			buildRules = (
			);
			dependencies = (
			);
			name = WeatherForecast;
			productName = WeatherForecast;
			productReference = E557A49F196C852200537F37 /* WeatherForecast.app */;
			productType = "com.apple.product-type.application";
		};
		E557A4BF196C852200537F37 /* WeatherForecastTests */ = {
			isa = PBXNativeTarget;
			buildConfigurationList = E557A4D4196C852200537F37 /* Build configuration list for PBXNativeTarget "WeatherForecastTests" */;
			buildPhases = (
				E557A4BC196C852200537F37 /* Sources */,
				E557A4BD196C852200537F37 /* Frameworks */,
				E557A4BE196C852200537F37 /* Resources */,
			);
			buildRules = (
			);
			dependencies = (
				E557A4C6196C852200537F37 /* PBXTargetDependency */,
			);
			name = WeatherForecastTests;
			productName = WeatherForecastTests;
			productReference = E557A4C0196C852200537F37 /* WeatherForecastTests.xctest */;
			productType = "com.apple.product-type.bundle.unit-test";
		};
/* End PBXNativeTarget section */

/* Begin PBXProject section */
		E557A497196C852200537F37 /* Project object */ = {
			isa = PBXProject;
			attributes = {
				CLASSPREFIX = WF;
				LastUpgradeCheck = 0510;
				ORGANIZATIONNAME = "Iegor Borodai";
				TargetAttributes = {
					E557A4BF196C852200537F37 = {
						TestTargetID = E557A49E196C852200537F37;
					};
				};
			};
			buildConfigurationList = E557A49A196C852200537F37 /* Build configuration list for PBXProject "WeatherForecast" */;
			compatibilityVersion = "Xcode 3.2";
			developmentRegion = English;
			hasScannedForEncodings = 0;
			knownRegions = (
				en,
				Base,
			);
			mainGroup = E557A496196C852200537F37;
			productRefGroup = E557A4A0196C852200537F37 /* Products */;
			projectDirPath = "";
			projectRoot = "";
			targets = (
				E557A49E196C852200537F37 /* WeatherForecast */,
				E557A4BF196C852200537F37 /* WeatherForecastTests */,
			);
		};
/* End PBXProject section */

/* Begin PBXResourcesBuildPhase section */
		E557A49D196C852200537F37 /* Resources */ = {
			isa = PBXResourcesBuildPhase;
			buildActionMask = 2147483647;
			files = (
				E557A50C196C860500537F37 /* Images.xcassets in Resources */,
				E557A50A196C860500537F37 /* Main.storyboard in Resources */,
				E557A50B196C860500537F37 /* InfoPlist.strings in Resources */,
			);
			runOnlyForDeploymentPostprocessing = 0;
		};
		E557A4BE196C852200537F37 /* Resources */ = {
			isa = PBXResourcesBuildPhase;
			buildActionMask = 2147483647;
			files = (
				E557A4CC196C852200537F37 /* InfoPlist.strings in Resources */,
			);
			runOnlyForDeploymentPostprocessing = 0;
		};
/* End PBXResourcesBuildPhase section */

/* Begin PBXShellScriptBuildPhase section */
		717BB15F4D524F25BA265A5C /* Check Pods Manifest.lock */ = {
			isa = PBXShellScriptBuildPhase;
			buildActionMask = 2147483647;
			files = (
			);
			inputPaths = (
			);
			name = "Check Pods Manifest.lock";
			outputPaths = (
			);
			runOnlyForDeploymentPostprocessing = 0;
			shellPath = /bin/sh;
			shellScript = "diff \"${PODS_ROOT}/../Podfile.lock\" \"${PODS_ROOT}/Manifest.lock\" > /dev/null\nif [[ $? != 0 ]] ; then\n    cat << EOM\nerror: The sandbox is not in sync with the Podfile.lock. Run 'pod install' or update your CocoaPods installation.\nEOM\n    exit 1\nfi\n";
			showEnvVarsInLog = 0;
		};
		C7703A815EA04AFCBD91EADE /* Copy Pods Resources */ = {
			isa = PBXShellScriptBuildPhase;
			buildActionMask = 2147483647;
			files = (
			);
			inputPaths = (
			);
			name = "Copy Pods Resources";
			outputPaths = (
			);
			runOnlyForDeploymentPostprocessing = 0;
			shellPath = /bin/sh;
			shellScript = "\"${SRCROOT}/Pods/Pods-resources.sh\"\n";
			showEnvVarsInLog = 0;
		};
/* End PBXShellScriptBuildPhase section */

/* Begin PBXSourcesBuildPhase section */
		E557A49B196C852200537F37 /* Sources */ = {
			isa = PBXSourcesBuildPhase;
			buildActionMask = 2147483647;
			files = (
				E557A50F196C860500537F37 /* WFAppDelegate.m in Sources */,
				E557A50D196C860500537F37 /* main.m in Sources */,
				E557A510196C860500537F37 /* PHClassTypeConvertor.m in Sources */,
				E557A504196C860500537F37 /* User.m in Sources */,
				E557A55A196C8B8100537F37 /* WFRightSideCityLookupViewController.m in Sources */,
				E5CC168C196C97F400CC06C6 /* WFAppearenceManager.m in Sources */,
				E557A509196C860500537F37 /* NCNetworkClient.m in Sources */,
				E557A503196C860500537F37 /* Geo.m in Sources */,
				E557A506196C860500537F37 /* NCNetworkManager.m in Sources */,
				E557A508196C860500537F37 /* NCNetworkResponseSerializer.m in Sources */,
				E557A501196C860500537F37 /* ACEphemeralObject.m in Sources */,
				E557A507196C860500537F37 /* NCNetworkRequestSerializer.m in Sources */,
				E557A554196C8B4900537F37 /* WFLeftSideCityListViewController.m in Sources */,
				E557A502196C860500537F37 /* ActivityRecordObjectiveC.xcdatamodeld in Sources */,
				E5CC1690196C999E00CC06C6 /* WFPageDataSourceViewController.m in Sources */,
				E557A557196C8B7400537F37 /* WFCityWeatherViewController.m in Sources */,
			);
			runOnlyForDeploymentPostprocessing = 0;
		};
		E557A4BC196C852200537F37 /* Sources */ = {
			isa = PBXSourcesBuildPhase;
			buildActionMask = 2147483647;
			files = (
				E557A4CE196C852200537F37 /* WeatherForecastTests.m in Sources */,
			);
			runOnlyForDeploymentPostprocessing = 0;
		};
/* End PBXSourcesBuildPhase section */

/* Begin PBXTargetDependency section */
		E557A4C6196C852200537F37 /* PBXTargetDependency */ = {
			isa = PBXTargetDependency;
			target = E557A49E196C852200537F37 /* WeatherForecast */;
			targetProxy = E557A4C5196C852200537F37 /* PBXContainerItemProxy */;
		};
/* End PBXTargetDependency section */

/* Begin PBXVariantGroup section */
		E557A4CA196C852200537F37 /* InfoPlist.strings */ = {
			isa = PBXVariantGroup;
			children = (
				E557A4CB196C852200537F37 /* en */,
			);
			name = InfoPlist.strings;
			sourceTree = "<group>";
		};
		E557A4F2196C860500537F37 /* Main.storyboard */ = {
			isa = PBXVariantGroup;
			children = (
				E557A4F3196C860500537F37 /* Base */,
			);
			name = Main.storyboard;
			sourceTree = "<group>";
		};
		E557A4F4196C860500537F37 /* InfoPlist.strings */ = {
			isa = PBXVariantGroup;
			children = (
				E557A4F5196C860500537F37 /* en */,
			);
			name = InfoPlist.strings;
			sourceTree = "<group>";
		};
/* End PBXVariantGroup section */

/* Begin XCBuildConfiguration section */
		E557A4CF196C852200537F37 /* Debug */ = {
			isa = XCBuildConfiguration;
			buildSettings = {
				ALWAYS_SEARCH_USER_PATHS = NO;
				CLANG_CXX_LANGUAGE_STANDARD = "gnu++0x";
				CLANG_CXX_LIBRARY = "libc++";
				CLANG_ENABLE_MODULES = YES;
				CLANG_ENABLE_OBJC_ARC = YES;
				CLANG_WARN_BOOL_CONVERSION = YES;
				CLANG_WARN_CONSTANT_CONVERSION = YES;
				CLANG_WARN_DIRECT_OBJC_ISA_USAGE = YES_ERROR;
				CLANG_WARN_EMPTY_BODY = YES;
				CLANG_WARN_ENUM_CONVERSION = YES;
				CLANG_WARN_INT_CONVERSION = YES;
				CLANG_WARN_OBJC_ROOT_CLASS = YES_ERROR;
				CLANG_WARN__DUPLICATE_METHOD_MATCH = YES;
				"CODE_SIGN_IDENTITY[sdk=iphoneos*]" = "iPhone Developer";
				COPY_PHASE_STRIP = NO;
				GCC_C_LANGUAGE_STANDARD = gnu99;
				GCC_DYNAMIC_NO_PIC = NO;
				GCC_OPTIMIZATION_LEVEL = 0;
				GCC_PREPROCESSOR_DEFINITIONS = (
					"DEBUG=1",
					"$(inherited)",
				);
				GCC_SYMBOLS_PRIVATE_EXTERN = NO;
				GCC_WARN_64_TO_32_BIT_CONVERSION = YES;
				GCC_WARN_ABOUT_RETURN_TYPE = YES_ERROR;
				GCC_WARN_UNDECLARED_SELECTOR = YES;
				GCC_WARN_UNINITIALIZED_AUTOS = YES_AGGRESSIVE;
				GCC_WARN_UNUSED_FUNCTION = YES;
				GCC_WARN_UNUSED_VARIABLE = YES;
				IPHONEOS_DEPLOYMENT_TARGET = 7.1;
				ONLY_ACTIVE_ARCH = YES;
				SDKROOT = iphoneos;
				WARNING_CFLAGS = (
					"-Wno-objc-interface-ivars",
					"-Weverything",
					"-Wno-objc-missing-property-synthesis",
					"-Wno-pedantic",
					"-Wno-direct-ivar-access",
					"-Wno-unused-macros",
					"-Wno-covered-switch-default",
					"-Wno-overriding-method-mismatch",
					"-Wno-assign-enum",
					"-Wno-switch-enum",
					"-Wno-method-signatures",
				);
			};
			name = Debug;
		};
		E557A4D0196C852200537F37 /* Release */ = {
			isa = XCBuildConfiguration;
			buildSettings = {
				ALWAYS_SEARCH_USER_PATHS = NO;
				CLANG_CXX_LANGUAGE_STANDARD = "gnu++0x";
				CLANG_CXX_LIBRARY = "libc++";
				CLANG_ENABLE_MODULES = YES;
				CLANG_ENABLE_OBJC_ARC = YES;
				CLANG_WARN_BOOL_CONVERSION = YES;
				CLANG_WARN_CONSTANT_CONVERSION = YES;
				CLANG_WARN_DIRECT_OBJC_ISA_USAGE = YES_ERROR;
				CLANG_WARN_EMPTY_BODY = YES;
				CLANG_WARN_ENUM_CONVERSION = YES;
				CLANG_WARN_INT_CONVERSION = YES;
				CLANG_WARN_OBJC_ROOT_CLASS = YES_ERROR;
				CLANG_WARN__DUPLICATE_METHOD_MATCH = YES;
				"CODE_SIGN_IDENTITY[sdk=iphoneos*]" = "iPhone Developer";
				COPY_PHASE_STRIP = YES;
				ENABLE_NS_ASSERTIONS = NO;
				GCC_C_LANGUAGE_STANDARD = gnu99;
				GCC_WARN_64_TO_32_BIT_CONVERSION = YES;
				GCC_WARN_ABOUT_RETURN_TYPE = YES_ERROR;
				GCC_WARN_UNDECLARED_SELECTOR = YES;
				GCC_WARN_UNINITIALIZED_AUTOS = YES_AGGRESSIVE;
				GCC_WARN_UNUSED_FUNCTION = YES;
				GCC_WARN_UNUSED_VARIABLE = YES;
				IPHONEOS_DEPLOYMENT_TARGET = 7.1;
				SDKROOT = iphoneos;
				VALIDATE_PRODUCT = YES;
				WARNING_CFLAGS = (
					"-Wno-objc-interface-ivars",
					"-Weverything",
					"-Wno-objc-missing-property-synthesis",
					"-Wno-pedantic",
					"-Wno-direct-ivar-access",
					"-Wno-unused-macros",
					"-Wno-covered-switch-default",
					"-Wno-overriding-method-mismatch",
					"-Wno-assign-enum",
					"-Wno-switch-enum",
					"-Wno-method-signatures",
				);
			};
			name = Release;
		};
		E557A4D2196C852200537F37 /* Debug */ = {
			isa = XCBuildConfiguration;
			baseConfigurationReference = 777A1EF3017847CE9A4EB278 /* Pods.xcconfig */;
			buildSettings = {
				ASSETCATALOG_COMPILER_APPICON_NAME = AppIcon;
				ASSETCATALOG_COMPILER_LAUNCHIMAGE_NAME = LaunchImage;
				GCC_PRECOMPILE_PREFIX_HEADER = YES;
				GCC_PREFIX_HEADER = "WeatherForecast/Supporting Files/WeatherForecast-Prefix.pch";
				INFOPLIST_FILE = "$(SRCROOT)/WeatherForecast/Supporting Files/WeatherForecast-Info.plist";
				IPHONEOS_DEPLOYMENT_TARGET = 7.0;
				PRODUCT_NAME = "$(TARGET_NAME)";
				WRAPPER_EXTENSION = app;
			};
			name = Debug;
		};
		E557A4D3196C852200537F37 /* Release */ = {
			isa = XCBuildConfiguration;
			baseConfigurationReference = 777A1EF3017847CE9A4EB278 /* Pods.xcconfig */;
			buildSettings = {
				ASSETCATALOG_COMPILER_APPICON_NAME = AppIcon;
				ASSETCATALOG_COMPILER_LAUNCHIMAGE_NAME = LaunchImage;
				GCC_PRECOMPILE_PREFIX_HEADER = YES;
				GCC_PREFIX_HEADER = "WeatherForecast/Supporting Files/WeatherForecast-Prefix.pch";
				INFOPLIST_FILE = "$(SRCROOT)/WeatherForecast/Supporting Files/WeatherForecast-Info.plist";
				IPHONEOS_DEPLOYMENT_TARGET = 7.0;
				PRODUCT_NAME = "$(TARGET_NAME)";
				WRAPPER_EXTENSION = app;
			};
			name = Release;
		};
		E557A4D5196C852200537F37 /* Debug */ = {
			isa = XCBuildConfiguration;
			buildSettings = {
				BUNDLE_LOADER = "$(BUILT_PRODUCTS_DIR)/WeatherForecast.app/WeatherForecast";
				FRAMEWORK_SEARCH_PATHS = (
					"$(SDKROOT)/Developer/Library/Frameworks",
					"$(inherited)",
					"$(DEVELOPER_FRAMEWORKS_DIR)",
				);
				GCC_PRECOMPILE_PREFIX_HEADER = YES;
				GCC_PREFIX_HEADER = "WeatherForecast/WeatherForecast-Prefix.pch";
				GCC_PREPROCESSOR_DEFINITIONS = (
					"DEBUG=1",
					"$(inherited)",
				);
				INFOPLIST_FILE = "WeatherForecastTests/WeatherForecastTests-Info.plist";
				PRODUCT_NAME = "$(TARGET_NAME)";
				TEST_HOST = "$(BUNDLE_LOADER)";
				WRAPPER_EXTENSION = xctest;
			};
			name = Debug;
		};
		E557A4D6196C852200537F37 /* Release */ = {
			isa = XCBuildConfiguration;
			buildSettings = {
				BUNDLE_LOADER = "$(BUILT_PRODUCTS_DIR)/WeatherForecast.app/WeatherForecast";
				FRAMEWORK_SEARCH_PATHS = (
					"$(SDKROOT)/Developer/Library/Frameworks",
					"$(inherited)",
					"$(DEVELOPER_FRAMEWORKS_DIR)",
				);
				GCC_PRECOMPILE_PREFIX_HEADER = YES;
				GCC_PREFIX_HEADER = "WeatherForecast/WeatherForecast-Prefix.pch";
				INFOPLIST_FILE = "WeatherForecastTests/WeatherForecastTests-Info.plist";
				PRODUCT_NAME = "$(TARGET_NAME)";
				TEST_HOST = "$(BUNDLE_LOADER)";
				WRAPPER_EXTENSION = xctest;
			};
			name = Release;
		};
/* End XCBuildConfiguration section */

/* Begin XCConfigurationList section */
		E557A49A196C852200537F37 /* Build configuration list for PBXProject "WeatherForecast" */ = {
			isa = XCConfigurationList;
			buildConfigurations = (
				E557A4CF196C852200537F37 /* Debug */,
				E557A4D0196C852200537F37 /* Release */,
			);
			defaultConfigurationIsVisible = 0;
			defaultConfigurationName = Release;
		};
		E557A4D1196C852200537F37 /* Build configuration list for PBXNativeTarget "WeatherForecast" */ = {
			isa = XCConfigurationList;
			buildConfigurations = (
				E557A4D2196C852200537F37 /* Debug */,
				E557A4D3196C852200537F37 /* Release */,
			);
			defaultConfigurationIsVisible = 0;
			defaultConfigurationName = Release;
		};
		E557A4D4196C852200537F37 /* Build configuration list for PBXNativeTarget "WeatherForecastTests" */ = {
			isa = XCConfigurationList;
			buildConfigurations = (
				E557A4D5196C852200537F37 /* Debug */,
				E557A4D6196C852200537F37 /* Release */,
			);
			defaultConfigurationIsVisible = 0;
			defaultConfigurationName = Release;
		};
/* End XCConfigurationList section */

/* Begin XCVersionGroup section */
		E557A4DB196C860500537F37 /* ActivityRecordObjectiveC.xcdatamodeld */ = {
			isa = XCVersionGroup;
			children = (
				E557A4DC196C860500537F37 /* ActivityRecordObjectiveC.xcdatamodel */,
			);
			currentVersion = E557A4DC196C860500537F37 /* ActivityRecordObjectiveC.xcdatamodel */;
			path = ActivityRecordObjectiveC.xcdatamodeld;
			sourceTree = "<group>";
			versionGroupType = wrapper.xcdatamodel;
		};
/* End XCVersionGroup section */
	};
	rootObject = E557A497196C852200537F37 /* Project object */;
}
