// !$*UTF8*$!
{
	archiveVersion = 1;
	classes = {
	};
	objectVersion = 46;
	objects = {

/* Begin PBXBuildFile section */
		D6F09187227740BEB775416F /* libPods.a in Frameworks */ = {isa = PBXBuildFile; fileRef = 0C3AE4F2E0BC4ACB8EB76E8F /* libPods.a */; };
		E53FA131196D3D7D0083173F /* Model.xcdatamodeld in Sources */ = {isa = PBXBuildFile; fileRef = E53FA12F196D3D7D0083173F /* Model.xcdatamodeld */; };
		E53FA134196D3F040083173F /* WeatherForecast.m in Sources */ = {isa = PBXBuildFile; fileRef = E53FA133196D3F040083173F /* WeatherForecast.m */; };
		E557A4A3196C852200537F37 /* Foundation.framework in Frameworks */ = {isa = PBXBuildFile; fileRef = E557A4A2196C852200537F37 /* Foundation.framework */; };
		E557A4A5196C852200537F37 /* CoreGraphics.framework in Frameworks */ = {isa = PBXBuildFile; fileRef = E557A4A4196C852200537F37 /* CoreGraphics.framework */; };
		E557A4A7196C852200537F37 /* UIKit.framework in Frameworks */ = {isa = PBXBuildFile; fileRef = E557A4A6196C852200537F37 /* UIKit.framework */; };
		E557A501196C860500537F37 /* ACEphemeralObject.m in Sources */ = {isa = PBXBuildFile; fileRef = E557A4DA196C860500537F37 /* ACEphemeralObject.m */; };
		E557A506196C860500537F37 /* NCNetworkManager.m in Sources */ = {isa = PBXBuildFile; fileRef = E557A4EA196C860500537F37 /* NCNetworkManager.m */; };
		E557A507196C860500537F37 /* NCNetworkRequestSerializer.m in Sources */ = {isa = PBXBuildFile; fileRef = E557A4EC196C860500537F37 /* NCNetworkRequestSerializer.m */; };
		E557A508196C860500537F37 /* NCNetworkResponseSerializer.m in Sources */ = {isa = PBXBuildFile; fileRef = E557A4EE196C860500537F37 /* NCNetworkResponseSerializer.m */; };
		E557A509196C860500537F37 /* NCNetworkClient.m in Sources */ = {isa = PBXBuildFile; fileRef = E557A4F0196C860500537F37 /* NCNetworkClient.m */; };
		E557A50A196C860500537F37 /* Main.storyboard in Resources */ = {isa = PBXBuildFile; fileRef = E557A4F2196C860500537F37 /* Main.storyboard */; };
		E557A50B196C860500537F37 /* InfoPlist.strings in Resources */ = {isa = PBXBuildFile; fileRef = E557A4F4196C860500537F37 /* InfoPlist.strings */; };
		E557A50C196C860500537F37 /* Images.xcassets in Resources */ = {isa = PBXBuildFile; fileRef = E557A4F6196C860500537F37 /* Images.xcassets */; };
		E557A50D196C860500537F37 /* main.m in Sources */ = {isa = PBXBuildFile; fileRef = E557A4F8196C860500537F37 /* main.m */; };
		E557A50F196C860500537F37 /* WFAppDelegate.m in Sources */ = {isa = PBXBuildFile; fileRef = E557A4FC196C860500537F37 /* WFAppDelegate.m */; };
		E557A510196C860500537F37 /* PHClassTypeConvertor.m in Sources */ = {isa = PBXBuildFile; fileRef = E557A4FF196C860500537F37 /* PHClassTypeConvertor.m */; };
		E557A554196C8B4900537F37 /* WFLeftSideCityListViewController.m in Sources */ = {isa = PBXBuildFile; fileRef = E557A553196C8B4900537F37 /* WFLeftSideCityListViewController.m */; };
		E557A557196C8B7400537F37 /* WFCityWeatherViewController.m in Sources */ = {isa = PBXBuildFile; fileRef = E557A556196C8B7400537F37 /* WFCityWeatherViewController.m */; };
		E557A55A196C8B8100537F37 /* WFRightSideCityLookupViewController.m in Sources */ = {isa = PBXBuildFile; fileRef = E557A559196C8B8100537F37 /* WFRightSideCityLookupViewController.m */; };
		E570A8BD196D14CA00D63023 /* WFPageBaseContentViewController.m in Sources */ = {isa = PBXBuildFile; fileRef = E570A8BC196D14CA00D63023 /* WFPageBaseContentViewController.m */; };
		E570DC64196DC6D500604472 /* NimbusSanNovDLig.ttf in Resources */ = {isa = PBXBuildFile; fileRef = E570DC62196DC6D500604472 /* NimbusSanNovDLig.ttf */; };
		E570DC65196DC6D500604472 /* NimbusSanNovDUltLig.ttf in Resources */ = {isa = PBXBuildFile; fileRef = E570DC63196DC6D500604472 /* NimbusSanNovDUltLig.ttf */; };
		E57117DB196EE6BB00EC1698 /* XCTest.framework in Frameworks */ = {isa = PBXBuildFile; fileRef = E557A4C1196C852200537F37 /* XCTest.framework */; };
		E57117DC196EE6BB00EC1698 /* Foundation.framework in Frameworks */ = {isa = PBXBuildFile; fileRef = E557A4A2196C852200537F37 /* Foundation.framework */; };
		E57117DD196EE6BB00EC1698 /* UIKit.framework in Frameworks */ = {isa = PBXBuildFile; fileRef = E557A4A6196C852200537F37 /* UIKit.framework */; };
		E57117E3196EE6BB00EC1698 /* InfoPlist.strings in Resources */ = {isa = PBXBuildFile; fileRef = E57117E1196EE6BB00EC1698 /* InfoPlist.strings */; };
		E57117E5196EE6BC00EC1698 /* WeatherForecastTests.m in Sources */ = {isa = PBXBuildFile; fileRef = E57117E4196EE6BB00EC1698 /* WeatherForecastTests.m */; };
		E57117EE196EE74300EC1698 /* PHPhoenixBaseTests.m in Sources */ = {isa = PBXBuildFile; fileRef = E57117ED196EE74300EC1698 /* PHPhoenixBaseTests.m */; };
		E57117EF196EE7B300EC1698 /* NCNetworkClient.m in Sources */ = {isa = PBXBuildFile; fileRef = E557A4F0196C860500537F37 /* NCNetworkClient.m */; };
		E57117F0196EE7BD00EC1698 /* NCNetworkManager.m in Sources */ = {isa = PBXBuildFile; fileRef = E557A4EA196C860500537F37 /* NCNetworkManager.m */; };
		E57117F1196EE7BD00EC1698 /* NCNetworkRequestSerializer.m in Sources */ = {isa = PBXBuildFile; fileRef = E557A4EC196C860500537F37 /* NCNetworkRequestSerializer.m */; };
		E57117F2196EE7BD00EC1698 /* NCNetworkResponseSerializer.m in Sources */ = {isa = PBXBuildFile; fileRef = E557A4EE196C860500537F37 /* NCNetworkResponseSerializer.m */; };
		E5754D71196DAAB400E41359 /* City.m in Sources */ = {isa = PBXBuildFile; fileRef = E5754D70196DAAB400E41359 /* City.m */; };
		E5754D78196DC15B00E41359 /* UILabel+CustomFont.m in Sources */ = {isa = PBXBuildFile; fileRef = E5754D77196DC15B00E41359 /* UILabel+CustomFont.m */; };
		E576DB4F196D55E8002597CD /* Lyt.m in Sources */ = {isa = PBXBuildFile; fileRef = E576DAB2196D55E8002597CD /* Lyt.m */; };
		E576DB50196D55E8002597CD /* MKMapViewX.m in Sources */ = {isa = PBXBuildFile; fileRef = E576DAB5196D55E8002597CD /* MKMapViewX.m */; };
		E576DB51196D55E8002597CD /* NSDate+Compare.m in Sources */ = {isa = PBXBuildFile; fileRef = E576DAB8196D55E8002597CD /* NSDate+Compare.m */; };
		E576DB52196D55E8002597CD /* NSDate+Components.m in Sources */ = {isa = PBXBuildFile; fileRef = E576DABA196D55E8002597CD /* NSDate+Components.m */; };
		E576DB53196D55E8002597CD /* NSDate+CupertinoYankee.m in Sources */ = {isa = PBXBuildFile; fileRef = E576DABC196D55E8002597CD /* NSDate+CupertinoYankee.m */; };
		E576DB54196D55E8002597CD /* NSDate+DateTime.m in Sources */ = {isa = PBXBuildFile; fileRef = E576DABE196D55E8002597CD /* NSDate+DateTime.m */; };
		E576DB55196D55E8002597CD /* NSDate+Day.m in Sources */ = {isa = PBXBuildFile; fileRef = E576DAC0196D55E8002597CD /* NSDate+Day.m */; };
		E576DB56196D55E8002597CD /* NSDate+Month.m in Sources */ = {isa = PBXBuildFile; fileRef = E576DAC2196D55E8002597CD /* NSDate+Month.m */; };
		E576DB57196D55E8002597CD /* NSDate+Time.m in Sources */ = {isa = PBXBuildFile; fileRef = E576DAC4196D55E8002597CD /* NSDate+Time.m */; };
		E576DB58196D55E8002597CD /* NSDate+Week.m in Sources */ = {isa = PBXBuildFile; fileRef = E576DAC6196D55E8002597CD /* NSDate+Week.m */; };
		E576DB59196D55E8002597CD /* NSDate+Year.m in Sources */ = {isa = PBXBuildFile; fileRef = E576DAC8196D55E8002597CD /* NSDate+Year.m */; };
		E576DB5A196D55E8002597CD /* NSDateX.m in Sources */ = {isa = PBXBuildFile; fileRef = E576DACA196D55E8002597CD /* NSDateX.m */; };
		E576DB5B196D55E8002597CD /* NSDictionaryX.m in Sources */ = {isa = PBXBuildFile; fileRef = E576DACD196D55E8002597CD /* NSDictionaryX.m */; };
		E576DB5C196D55E8002597CD /* NSExceptionX.m in Sources */ = {isa = PBXBuildFile; fileRef = E576DAD0196D55E8002597CD /* NSExceptionX.m */; };
		E576DB5D196D55E8002597CD /* NSFileManagerX.m in Sources */ = {isa = PBXBuildFile; fileRef = E576DAD3196D55E8002597CD /* NSFileManagerX.m */; };
		E576DB5E196D55E8002597CD /* NSManagedObjectContextX.m in Sources */ = {isa = PBXBuildFile; fileRef = E576DAD6196D55E8002597CD /* NSManagedObjectContextX.m */; };
		E576DB5F196D55E8002597CD /* NSMutableArrayX.m in Sources */ = {isa = PBXBuildFile; fileRef = E576DAD9196D55E8002597CD /* NSMutableArrayX.m */; };
		E576DB60196D55E8002597CD /* MTKObserver.m in Sources */ = {isa = PBXBuildFile; fileRef = E576DADE196D55E8002597CD /* MTKObserver.m */; };
		E576DB61196D55E8002597CD /* NSObject+MTKObserving.m in Sources */ = {isa = PBXBuildFile; fileRef = E576DAE2196D55E8002597CD /* NSObject+MTKObserving.m */; };
		E576DB62196D55E8002597CD /* NSObject+SHObjectUserInfo.m in Sources */ = {isa = PBXBuildFile; fileRef = E576DAE4196D55E8002597CD /* NSObject+SHObjectUserInfo.m */; };
		E576DB63196D55E8002597CD /* NSObjectX.m in Sources */ = {isa = PBXBuildFile; fileRef = E576DAE6196D55E8002597CD /* NSObjectX.m */; };
		E576DB64196D55E8002597CD /* NSSetX.m in Sources */ = {isa = PBXBuildFile; fileRef = E576DAEA196D55E8002597CD /* NSSetX.m */; };
		E576DB65196D55E8002597CD /* md5.m in Sources */ = {isa = PBXBuildFile; fileRef = E576DAED196D55E8002597CD /* md5.m */; };
		E576DB66196D55E8002597CD /* NSString+Color.m in Sources */ = {isa = PBXBuildFile; fileRef = E576DAEF196D55E8002597CD /* NSString+Color.m */; };
		E576DB67196D55E8002597CD /* NSString+Encode.m in Sources */ = {isa = PBXBuildFile; fileRef = E576DAF1196D55E8002597CD /* NSString+Encode.m */; };
		E576DB68196D55E8002597CD /* NSString+Validator.m in Sources */ = {isa = PBXBuildFile; fileRef = E576DAF3196D55E8002597CD /* NSString+Validator.m */; };
		E576DB69196D55E8002597CD /* NSStringX.m in Sources */ = {isa = PBXBuildFile; fileRef = E576DAF5196D55E8002597CD /* NSStringX.m */; };
		E576DB6A196D55E8002597CD /* NSURLX.m in Sources */ = {isa = PBXBuildFile; fileRef = E576DAF8196D55E8002597CD /* NSURLX.m */; };
		E576DB6B196D55E8002597CD /* NSUUIDX.m in Sources */ = {isa = PBXBuildFile; fileRef = E576DAFB196D55E8002597CD /* NSUUIDX.m */; };
		E576DB6C196D55E8002597CD /* UIActionSheet+Blocks.m in Sources */ = {isa = PBXBuildFile; fileRef = E576DAFE196D55E8002597CD /* UIActionSheet+Blocks.m */; };
		E576DB6D196D55E8002597CD /* UIActionSheet+SHActionSheetBlocks.m in Sources */ = {isa = PBXBuildFile; fileRef = E576DB00196D55E8002597CD /* UIActionSheet+SHActionSheetBlocks.m */; };
		E576DB6E196D55E8002597CD /* UIAlertView+SHAlertViewBlocks.m in Sources */ = {isa = PBXBuildFile; fileRef = E576DB03196D55E8002597CD /* UIAlertView+SHAlertViewBlocks.m */; };
		E576DB6F196D55E8002597CD /* UIAlertViewX.m in Sources */ = {isa = PBXBuildFile; fileRef = E576DB05196D55E8002597CD /* UIAlertViewX.m */; };
		E576DB70196D55E8002597CD /* UIApplicationX.m in Sources */ = {isa = PBXBuildFile; fileRef = E576DB08196D55E8002597CD /* UIApplicationX.m */; };
		E576DB71196D55E8002597CD /* UIBarButtonItem+SHBarButtonItemBlocks.m in Sources */ = {isa = PBXBuildFile; fileRef = E576DB0B196D55E8002597CD /* UIBarButtonItem+SHBarButtonItemBlocks.m */; };
		E576DB72196D55E8002597CD /* UIColor+Components.m in Sources */ = {isa = PBXBuildFile; fileRef = E576DB0E196D55E8002597CD /* UIColor+Components.m */; };
		E576DB73196D55E8002597CD /* UIColor+Hex.m in Sources */ = {isa = PBXBuildFile; fileRef = E576DB10196D55E8002597CD /* UIColor+Hex.m */; };
		E576DB74196D55E8002597CD /* UIColor+Modify.m in Sources */ = {isa = PBXBuildFile; fileRef = E576DB12196D55E8002597CD /* UIColor+Modify.m */; };
		E576DB75196D55E8002597CD /* UIColorX.m in Sources */ = {isa = PBXBuildFile; fileRef = E576DB14196D55E8002597CD /* UIColorX.m */; };
		E576DB76196D55E8002597CD /* UIControl+SHControlBlocks.m in Sources */ = {isa = PBXBuildFile; fileRef = E576DB17196D55E8002597CD /* UIControl+SHControlBlocks.m */; };
		E576DB77196D55E8002597CD /* UIDeviceX.m in Sources */ = {isa = PBXBuildFile; fileRef = E576DB1A196D55E8002597CD /* UIDeviceX.m */; };
		E576DB78196D55E8002597CD /* UIGestureRecognizer+SHGestureRecognizerBlocks.m in Sources */ = {isa = PBXBuildFile; fileRef = E576DB1D196D55E8002597CD /* UIGestureRecognizer+SHGestureRecognizerBlocks.m */; };
		E576DB79196D55E8002597CD /* UIImage+AnimatedGIF.m in Sources */ = {isa = PBXBuildFile; fileRef = E576DB20196D55E8002597CD /* UIImage+AnimatedGIF.m */; };
		E576DB7A196D55E8002597CD /* UIImage+Extension.m in Sources */ = {isa = PBXBuildFile; fileRef = E576DB22196D55E8002597CD /* UIImage+Extension.m */; };
		E576DB7B196D55E8002597CD /* UIImage+ImageEffects.m in Sources */ = {isa = PBXBuildFile; fileRef = E576DB24196D55E8002597CD /* UIImage+ImageEffects.m */; };
		E576DB7C196D55E8002597CD /* UIImage+ImageWithColor.m in Sources */ = {isa = PBXBuildFile; fileRef = E576DB26196D55E8002597CD /* UIImage+ImageWithColor.m */; };
		E576DB7D196D55E8002597CD /* UIImage+Scale.m in Sources */ = {isa = PBXBuildFile; fileRef = E576DB28196D55E8002597CD /* UIImage+Scale.m */; };
		E576DB7E196D55E8002597CD /* UIImage+UIColor.m in Sources */ = {isa = PBXBuildFile; fileRef = E576DB2A196D55E8002597CD /* UIImage+UIColor.m */; };
		E576DB7F196D55E8002597CD /* UIImageX.m in Sources */ = {isa = PBXBuildFile; fileRef = E576DB2C196D55E8002597CD /* UIImageX.m */; };
		E576DB80196D55E8002597CD /* UINavigationController+SHNavigationControllerBlocks.m in Sources */ = {isa = PBXBuildFile; fileRef = E576DB2F196D55E8002597CD /* UINavigationController+SHNavigationControllerBlocks.m */; };
		E576DB81196D55E8002597CD /* UISearchBar+Blocks.m in Sources */ = {isa = PBXBuildFile; fileRef = E576DB32196D55E8002597CD /* UISearchBar+Blocks.m */; };
		E576DB82196D55E8002597CD /* UITabBarController+SHTabBarControllerBlocks.m in Sources */ = {isa = PBXBuildFile; fileRef = E576DB35196D55E8002597CD /* UITabBarController+SHTabBarControllerBlocks.m */; };
		E576DB83196D55E8002597CD /* UITabBarControllerX.m in Sources */ = {isa = PBXBuildFile; fileRef = E576DB37196D55E8002597CD /* UITabBarControllerX.m */; };
		E576DB84196D55E8002597CD /* UITextField+SHTextFieldBlocks.m in Sources */ = {isa = PBXBuildFile; fileRef = E576DB3A196D55E8002597CD /* UITextField+SHTextFieldBlocks.m */; };
		E576DB85196D55E8002597CD /* UITextView+SHTextViewBlocks.m in Sources */ = {isa = PBXBuildFile; fileRef = E576DB3D196D55E8002597CD /* UITextView+SHTextViewBlocks.m */; };
		E576DB86196D55E8002597CD /* UIView+AnimationExtensions.m in Sources */ = {isa = PBXBuildFile; fileRef = E576DB40196D55E8002597CD /* UIView+AnimationExtensions.m */; };
		E576DB87196D55E8002597CD /* UIView+Geometry.m in Sources */ = {isa = PBXBuildFile; fileRef = E576DB42196D55E8002597CD /* UIView+Geometry.m */; };
		E576DB88196D55E8002597CD /* UIViewX.m in Sources */ = {isa = PBXBuildFile; fileRef = E576DB44196D55E8002597CD /* UIViewX.m */; };
		E576DB89196D55E8002597CD /* UIViewController+SHSegueBlocks.m in Sources */ = {isa = PBXBuildFile; fileRef = E576DB47196D55E8002597CD /* UIViewController+SHSegueBlocks.m */; };
		E576DB8A196D55E8002597CD /* UIViewController+SHTransitionBlocks.m in Sources */ = {isa = PBXBuildFile; fileRef = E576DB49196D55E8002597CD /* UIViewController+SHTransitionBlocks.m */; };
		E576DB8B196D55E8002597CD /* UIWebView+SHWebViewBlocks.m in Sources */ = {isa = PBXBuildFile; fileRef = E576DB4C196D55E8002597CD /* UIWebView+SHWebViewBlocks.m */; };
		E576DB8C196D55E8002597CD /* UIWebViewX.m in Sources */ = {isa = PBXBuildFile; fileRef = E576DB4E196D55E8002597CD /* UIWebViewX.m */; };
		E57A3F06196EFD0300EFC0C9 /* WFUIWorkAroundKIFTests.m in Sources */ = {isa = PBXBuildFile; fileRef = E57A3F05196EFD0300EFC0C9 /* WFUIWorkAroundKIFTests.m */; };
		E5CC168C196C97F400CC06C6 /* WFAppearenceManager.m in Sources */ = {isa = PBXBuildFile; fileRef = E5CC168B196C97F400CC06C6 /* WFAppearenceManager.m */; };
		E5CC1690196C999E00CC06C6 /* WFPageDataSourceViewController.m in Sources */ = {isa = PBXBuildFile; fileRef = E5CC168F196C999E00CC06C6 /* WFPageDataSourceViewController.m */; };
		E5EEA13E196D6B8A003F7AEE /* WFGlobalDataManager.m in Sources */ = {isa = PBXBuildFile; fileRef = E5EEA13D196D6B8A003F7AEE /* WFGlobalDataManager.m */; };
		E5EEA144196D7E8B003F7AEE /* WFDayForecastView.m in Sources */ = {isa = PBXBuildFile; fileRef = E5EEA143196D7E8B003F7AEE /* WFDayForecastView.m */; };
		E5EEA146196D8032003F7AEE /* WFDayForecastView.xib in Resources */ = {isa = PBXBuildFile; fileRef = E5EEA145196D8032003F7AEE /* WFDayForecastView.xib */; };
		E5EEA149196D8757003F7AEE /* PHGraphObject.m in Sources */ = {isa = PBXBuildFile; fileRef = E5EEA148196D8757003F7AEE /* PHGraphObject.m */; };
/* End PBXBuildFile section */

/* Begin PBXContainerItemProxy section */
		E57117E7196EE6BC00EC1698 /* PBXContainerItemProxy */ = {
			isa = PBXContainerItemProxy;
			containerPortal = E557A497196C852200537F37 /* Project object */;
			proxyType = 1;
			remoteGlobalIDString = E557A49E196C852200537F37;
			remoteInfo = WeatherForecast;
		};
/* End PBXContainerItemProxy section */

/* Begin PBXFileReference section */
		0C3AE4F2E0BC4ACB8EB76E8F /* libPods.a */ = {isa = PBXFileReference; explicitFileType = archive.ar; includeInIndex = 0; path = libPods.a; sourceTree = BUILT_PRODUCTS_DIR; };
		777A1EF3017847CE9A4EB278 /* Pods.xcconfig */ = {isa = PBXFileReference; includeInIndex = 1; lastKnownFileType = text.xcconfig; name = Pods.xcconfig; path = Pods/Pods.xcconfig; sourceTree = "<group>"; };
		E53FA130196D3D7D0083173F /* Model.xcdatamodel */ = {isa = PBXFileReference; lastKnownFileType = wrapper.xcdatamodel; path = Model.xcdatamodel; sourceTree = "<group>"; };
		E53FA132196D3F040083173F /* WeatherForecast.h */ = {isa = PBXFileReference; fileEncoding = 4; lastKnownFileType = sourcecode.c.h; path = WeatherForecast.h; sourceTree = "<group>"; };
		E53FA133196D3F040083173F /* WeatherForecast.m */ = {isa = PBXFileReference; fileEncoding = 4; lastKnownFileType = sourcecode.c.objc; path = WeatherForecast.m; sourceTree = "<group>"; };
		E557A49F196C852200537F37 /* WeatherForecast.app */ = {isa = PBXFileReference; explicitFileType = wrapper.application; includeInIndex = 0; path = WeatherForecast.app; sourceTree = BUILT_PRODUCTS_DIR; };
		E557A4A2196C852200537F37 /* Foundation.framework */ = {isa = PBXFileReference; lastKnownFileType = wrapper.framework; name = Foundation.framework; path = System/Library/Frameworks/Foundation.framework; sourceTree = SDKROOT; };
		E557A4A4196C852200537F37 /* CoreGraphics.framework */ = {isa = PBXFileReference; lastKnownFileType = wrapper.framework; name = CoreGraphics.framework; path = System/Library/Frameworks/CoreGraphics.framework; sourceTree = SDKROOT; };
		E557A4A6196C852200537F37 /* UIKit.framework */ = {isa = PBXFileReference; lastKnownFileType = wrapper.framework; name = UIKit.framework; path = System/Library/Frameworks/UIKit.framework; sourceTree = SDKROOT; };
		E557A4C1196C852200537F37 /* XCTest.framework */ = {isa = PBXFileReference; lastKnownFileType = wrapper.framework; name = XCTest.framework; path = Library/Frameworks/XCTest.framework; sourceTree = DEVELOPER_DIR; };
		E557A4D9196C860500537F37 /* ACEphemeralObject.h */ = {isa = PBXFileReference; fileEncoding = 4; lastKnownFileType = sourcecode.c.h; path = ACEphemeralObject.h; sourceTree = "<group>"; };
		E557A4DA196C860500537F37 /* ACEphemeralObject.m */ = {isa = PBXFileReference; fileEncoding = 4; lastKnownFileType = sourcecode.c.objc; path = ACEphemeralObject.m; sourceTree = "<group>"; };
		E557A4E9196C860500537F37 /* NCNetworkManager.h */ = {isa = PBXFileReference; fileEncoding = 4; lastKnownFileType = sourcecode.c.h; path = NCNetworkManager.h; sourceTree = "<group>"; };
		E557A4EA196C860500537F37 /* NCNetworkManager.m */ = {isa = PBXFileReference; fileEncoding = 4; lastKnownFileType = sourcecode.c.objc; path = NCNetworkManager.m; sourceTree = "<group>"; };
		E557A4EB196C860500537F37 /* NCNetworkRequestSerializer.h */ = {isa = PBXFileReference; fileEncoding = 4; lastKnownFileType = sourcecode.c.h; path = NCNetworkRequestSerializer.h; sourceTree = "<group>"; };
		E557A4EC196C860500537F37 /* NCNetworkRequestSerializer.m */ = {isa = PBXFileReference; fileEncoding = 4; lastKnownFileType = sourcecode.c.objc; path = NCNetworkRequestSerializer.m; sourceTree = "<group>"; };
		E557A4ED196C860500537F37 /* NCNetworkResponseSerializer.h */ = {isa = PBXFileReference; fileEncoding = 4; lastKnownFileType = sourcecode.c.h; path = NCNetworkResponseSerializer.h; sourceTree = "<group>"; };
		E557A4EE196C860500537F37 /* NCNetworkResponseSerializer.m */ = {isa = PBXFileReference; fileEncoding = 4; lastKnownFileType = sourcecode.c.objc; path = NCNetworkResponseSerializer.m; sourceTree = "<group>"; };
		E557A4EF196C860500537F37 /* NCNetworkClient.h */ = {isa = PBXFileReference; fileEncoding = 4; lastKnownFileType = sourcecode.c.h; path = NCNetworkClient.h; sourceTree = "<group>"; };
		E557A4F0196C860500537F37 /* NCNetworkClient.m */ = {isa = PBXFileReference; fileEncoding = 4; lastKnownFileType = sourcecode.c.objc; path = NCNetworkClient.m; sourceTree = "<group>"; };
		E557A4F3196C860500537F37 /* Base */ = {isa = PBXFileReference; lastKnownFileType = file.storyboard; name = Base; path = Base.lproj/Main.storyboard; sourceTree = "<group>"; };
		E557A4F5196C860500537F37 /* en */ = {isa = PBXFileReference; lastKnownFileType = text.plist.strings; name = en; path = en.lproj/InfoPlist.strings; sourceTree = "<group>"; };
		E557A4F6196C860500537F37 /* Images.xcassets */ = {isa = PBXFileReference; lastKnownFileType = folder.assetcatalog; path = Images.xcassets; sourceTree = "<group>"; };
		E557A4F8196C860500537F37 /* main.m */ = {isa = PBXFileReference; fileEncoding = 4; lastKnownFileType = sourcecode.c.objc; path = main.m; sourceTree = "<group>"; };
		E557A4F9196C860500537F37 /* WeatherForecast-Info.plist */ = {isa = PBXFileReference; fileEncoding = 4; lastKnownFileType = text.plist.xml; path = "WeatherForecast-Info.plist"; sourceTree = "<group>"; };
		E557A4FA196C860500537F37 /* WeatherForecast-Prefix.pch */ = {isa = PBXFileReference; fileEncoding = 4; lastKnownFileType = sourcecode.c.h; path = "WeatherForecast-Prefix.pch"; sourceTree = "<group>"; };
		E557A4FB196C860500537F37 /* WFAppDelegate.h */ = {isa = PBXFileReference; fileEncoding = 4; lastKnownFileType = sourcecode.c.h; path = WFAppDelegate.h; sourceTree = "<group>"; };
		E557A4FC196C860500537F37 /* WFAppDelegate.m */ = {isa = PBXFileReference; fileEncoding = 4; lastKnownFileType = sourcecode.c.objc; path = WFAppDelegate.m; sourceTree = "<group>"; };
		E557A4FE196C860500537F37 /* PHClassTypeConvertor.h */ = {isa = PBXFileReference; fileEncoding = 4; lastKnownFileType = sourcecode.c.h; path = PHClassTypeConvertor.h; sourceTree = "<group>"; };
		E557A4FF196C860500537F37 /* PHClassTypeConvertor.m */ = {isa = PBXFileReference; fileEncoding = 4; lastKnownFileType = sourcecode.c.objc; path = PHClassTypeConvertor.m; sourceTree = "<group>"; };
		E557A552196C8B4900537F37 /* WFLeftSideCityListViewController.h */ = {isa = PBXFileReference; fileEncoding = 4; lastKnownFileType = sourcecode.c.h; path = WFLeftSideCityListViewController.h; sourceTree = "<group>"; };
		E557A553196C8B4900537F37 /* WFLeftSideCityListViewController.m */ = {isa = PBXFileReference; fileEncoding = 4; lastKnownFileType = sourcecode.c.objc; path = WFLeftSideCityListViewController.m; sourceTree = "<group>"; };
		E557A555196C8B7400537F37 /* WFCityWeatherViewController.h */ = {isa = PBXFileReference; fileEncoding = 4; lastKnownFileType = sourcecode.c.h; path = WFCityWeatherViewController.h; sourceTree = "<group>"; };
		E557A556196C8B7400537F37 /* WFCityWeatherViewController.m */ = {isa = PBXFileReference; fileEncoding = 4; lastKnownFileType = sourcecode.c.objc; path = WFCityWeatherViewController.m; sourceTree = "<group>"; };
		E557A558196C8B8100537F37 /* WFRightSideCityLookupViewController.h */ = {isa = PBXFileReference; fileEncoding = 4; lastKnownFileType = sourcecode.c.h; path = WFRightSideCityLookupViewController.h; sourceTree = "<group>"; };
		E557A559196C8B8100537F37 /* WFRightSideCityLookupViewController.m */ = {isa = PBXFileReference; fileEncoding = 4; lastKnownFileType = sourcecode.c.objc; path = WFRightSideCityLookupViewController.m; sourceTree = "<group>"; };
		E570A8BB196D14CA00D63023 /* WFPageBaseContentViewController.h */ = {isa = PBXFileReference; fileEncoding = 4; lastKnownFileType = sourcecode.c.h; path = WFPageBaseContentViewController.h; sourceTree = "<group>"; };
		E570A8BC196D14CA00D63023 /* WFPageBaseContentViewController.m */ = {isa = PBXFileReference; fileEncoding = 4; lastKnownFileType = sourcecode.c.objc; path = WFPageBaseContentViewController.m; sourceTree = "<group>"; };
		E570DC62196DC6D500604472 /* NimbusSanNovDLig.ttf */ = {isa = PBXFileReference; lastKnownFileType = file; path = NimbusSanNovDLig.ttf; sourceTree = "<group>"; };
		E570DC63196DC6D500604472 /* NimbusSanNovDUltLig.ttf */ = {isa = PBXFileReference; lastKnownFileType = file; path = NimbusSanNovDUltLig.ttf; sourceTree = "<group>"; };
		E57117DA196EE6BB00EC1698 /* WeatherForecast Tests.xctest */ = {isa = PBXFileReference; explicitFileType = wrapper.cfbundle; includeInIndex = 0; path = "WeatherForecast Tests.xctest"; sourceTree = BUILT_PRODUCTS_DIR; };
		E57117E0196EE6BB00EC1698 /* WeatherForecast Tests-Info.plist */ = {isa = PBXFileReference; lastKnownFileType = text.plist.xml; path = "WeatherForecast Tests-Info.plist"; sourceTree = "<group>"; };
		E57117E2196EE6BB00EC1698 /* en */ = {isa = PBXFileReference; lastKnownFileType = text.plist.strings; name = en; path = en.lproj/InfoPlist.strings; sourceTree = "<group>"; };
		E57117E4196EE6BB00EC1698 /* WeatherForecastTests.m */ = {isa = PBXFileReference; lastKnownFileType = sourcecode.c.objc; path = WeatherForecastTests.m; sourceTree = "<group>"; };
		E57117E6196EE6BC00EC1698 /* WeatherForecast Tests-Prefix.pch */ = {isa = PBXFileReference; lastKnownFileType = sourcecode.c.h; path = "WeatherForecast Tests-Prefix.pch"; sourceTree = "<group>"; };
		E57117EC196EE74300EC1698 /* PHPhoenixBaseTests.h */ = {isa = PBXFileReference; fileEncoding = 4; lastKnownFileType = sourcecode.c.h; path = PHPhoenixBaseTests.h; sourceTree = "<group>"; };
		E57117ED196EE74300EC1698 /* PHPhoenixBaseTests.m */ = {isa = PBXFileReference; fileEncoding = 4; lastKnownFileType = sourcecode.c.objc; path = PHPhoenixBaseTests.m; sourceTree = "<group>"; };
		E5754D6F196DAAB400E41359 /* City.h */ = {isa = PBXFileReference; fileEncoding = 4; lastKnownFileType = sourcecode.c.h; path = City.h; sourceTree = "<group>"; };
		E5754D70196DAAB400E41359 /* City.m */ = {isa = PBXFileReference; fileEncoding = 4; lastKnownFileType = sourcecode.c.objc; path = City.m; sourceTree = "<group>"; };
		E5754D76196DC15B00E41359 /* UILabel+CustomFont.h */ = {isa = PBXFileReference; fileEncoding = 4; lastKnownFileType = sourcecode.c.h; path = "UILabel+CustomFont.h"; sourceTree = "<group>"; };
		E5754D77196DC15B00E41359 /* UILabel+CustomFont.m */ = {isa = PBXFileReference; fileEncoding = 4; lastKnownFileType = sourcecode.c.objc; path = "UILabel+CustomFont.m"; sourceTree = "<group>"; };
		E576DAAF196D55E8002597CD /* CategoriesExtension.h */ = {isa = PBXFileReference; fileEncoding = 4; lastKnownFileType = sourcecode.c.h; path = CategoriesExtension.h; sourceTree = "<group>"; };
		E576DAB1196D55E8002597CD /* Lyt.h */ = {isa = PBXFileReference; fileEncoding = 4; lastKnownFileType = sourcecode.c.h; path = Lyt.h; sourceTree = "<group>"; };
		E576DAB2196D55E8002597CD /* Lyt.m */ = {isa = PBXFileReference; fileEncoding = 4; lastKnownFileType = sourcecode.c.objc; path = Lyt.m; sourceTree = "<group>"; };
		E576DAB4196D55E8002597CD /* MKMapViewX.h */ = {isa = PBXFileReference; fileEncoding = 4; lastKnownFileType = sourcecode.c.h; path = MKMapViewX.h; sourceTree = "<group>"; };
		E576DAB5196D55E8002597CD /* MKMapViewX.m */ = {isa = PBXFileReference; fileEncoding = 4; lastKnownFileType = sourcecode.c.objc; path = MKMapViewX.m; sourceTree = "<group>"; };
		E576DAB7196D55E8002597CD /* NSDate+Compare.h */ = {isa = PBXFileReference; fileEncoding = 4; lastKnownFileType = sourcecode.c.h; path = "NSDate+Compare.h"; sourceTree = "<group>"; };
		E576DAB8196D55E8002597CD /* NSDate+Compare.m */ = {isa = PBXFileReference; fileEncoding = 4; lastKnownFileType = sourcecode.c.objc; path = "NSDate+Compare.m"; sourceTree = "<group>"; };
		E576DAB9196D55E8002597CD /* NSDate+Components.h */ = {isa = PBXFileReference; fileEncoding = 4; lastKnownFileType = sourcecode.c.h; path = "NSDate+Components.h"; sourceTree = "<group>"; };
		E576DABA196D55E8002597CD /* NSDate+Components.m */ = {isa = PBXFileReference; fileEncoding = 4; lastKnownFileType = sourcecode.c.objc; path = "NSDate+Components.m"; sourceTree = "<group>"; };
		E576DABB196D55E8002597CD /* NSDate+CupertinoYankee.h */ = {isa = PBXFileReference; fileEncoding = 4; lastKnownFileType = sourcecode.c.h; path = "NSDate+CupertinoYankee.h"; sourceTree = "<group>"; };
		E576DABC196D55E8002597CD /* NSDate+CupertinoYankee.m */ = {isa = PBXFileReference; fileEncoding = 4; lastKnownFileType = sourcecode.c.objc; path = "NSDate+CupertinoYankee.m"; sourceTree = "<group>"; };
		E576DABD196D55E8002597CD /* NSDate+DateTime.h */ = {isa = PBXFileReference; fileEncoding = 4; lastKnownFileType = sourcecode.c.h; path = "NSDate+DateTime.h"; sourceTree = "<group>"; };
		E576DABE196D55E8002597CD /* NSDate+DateTime.m */ = {isa = PBXFileReference; fileEncoding = 4; lastKnownFileType = sourcecode.c.objc; path = "NSDate+DateTime.m"; sourceTree = "<group>"; };
		E576DABF196D55E8002597CD /* NSDate+Day.h */ = {isa = PBXFileReference; fileEncoding = 4; lastKnownFileType = sourcecode.c.h; path = "NSDate+Day.h"; sourceTree = "<group>"; };
		E576DAC0196D55E8002597CD /* NSDate+Day.m */ = {isa = PBXFileReference; fileEncoding = 4; lastKnownFileType = sourcecode.c.objc; path = "NSDate+Day.m"; sourceTree = "<group>"; };
		E576DAC1196D55E8002597CD /* NSDate+Month.h */ = {isa = PBXFileReference; fileEncoding = 4; lastKnownFileType = sourcecode.c.h; path = "NSDate+Month.h"; sourceTree = "<group>"; };
		E576DAC2196D55E8002597CD /* NSDate+Month.m */ = {isa = PBXFileReference; fileEncoding = 4; lastKnownFileType = sourcecode.c.objc; path = "NSDate+Month.m"; sourceTree = "<group>"; };
		E576DAC3196D55E8002597CD /* NSDate+Time.h */ = {isa = PBXFileReference; fileEncoding = 4; lastKnownFileType = sourcecode.c.h; path = "NSDate+Time.h"; sourceTree = "<group>"; };
		E576DAC4196D55E8002597CD /* NSDate+Time.m */ = {isa = PBXFileReference; fileEncoding = 4; lastKnownFileType = sourcecode.c.objc; path = "NSDate+Time.m"; sourceTree = "<group>"; };
		E576DAC5196D55E8002597CD /* NSDate+Week.h */ = {isa = PBXFileReference; fileEncoding = 4; lastKnownFileType = sourcecode.c.h; path = "NSDate+Week.h"; sourceTree = "<group>"; };
		E576DAC6196D55E8002597CD /* NSDate+Week.m */ = {isa = PBXFileReference; fileEncoding = 4; lastKnownFileType = sourcecode.c.objc; path = "NSDate+Week.m"; sourceTree = "<group>"; };
		E576DAC7196D55E8002597CD /* NSDate+Year.h */ = {isa = PBXFileReference; fileEncoding = 4; lastKnownFileType = sourcecode.c.h; path = "NSDate+Year.h"; sourceTree = "<group>"; };
		E576DAC8196D55E8002597CD /* NSDate+Year.m */ = {isa = PBXFileReference; fileEncoding = 4; lastKnownFileType = sourcecode.c.objc; path = "NSDate+Year.m"; sourceTree = "<group>"; };
		E576DAC9196D55E8002597CD /* NSDateX.h */ = {isa = PBXFileReference; fileEncoding = 4; lastKnownFileType = sourcecode.c.h; path = NSDateX.h; sourceTree = "<group>"; };
		E576DACA196D55E8002597CD /* NSDateX.m */ = {isa = PBXFileReference; fileEncoding = 4; lastKnownFileType = sourcecode.c.objc; path = NSDateX.m; sourceTree = "<group>"; };
		E576DACC196D55E8002597CD /* NSDictionaryX.h */ = {isa = PBXFileReference; fileEncoding = 4; lastKnownFileType = sourcecode.c.h; path = NSDictionaryX.h; sourceTree = "<group>"; };
		E576DACD196D55E8002597CD /* NSDictionaryX.m */ = {isa = PBXFileReference; fileEncoding = 4; lastKnownFileType = sourcecode.c.objc; path = NSDictionaryX.m; sourceTree = "<group>"; };
		E576DACF196D55E8002597CD /* NSExceptionX.h */ = {isa = PBXFileReference; fileEncoding = 4; lastKnownFileType = sourcecode.c.h; path = NSExceptionX.h; sourceTree = "<group>"; };
		E576DAD0196D55E8002597CD /* NSExceptionX.m */ = {isa = PBXFileReference; fileEncoding = 4; lastKnownFileType = sourcecode.c.objc; path = NSExceptionX.m; sourceTree = "<group>"; };
		E576DAD2196D55E8002597CD /* NSFileManagerX.h */ = {isa = PBXFileReference; fileEncoding = 4; lastKnownFileType = sourcecode.c.h; path = NSFileManagerX.h; sourceTree = "<group>"; };
		E576DAD3196D55E8002597CD /* NSFileManagerX.m */ = {isa = PBXFileReference; fileEncoding = 4; lastKnownFileType = sourcecode.c.objc; path = NSFileManagerX.m; sourceTree = "<group>"; };
		E576DAD5196D55E8002597CD /* NSManagedObjectContextX.h */ = {isa = PBXFileReference; fileEncoding = 4; lastKnownFileType = sourcecode.c.h; path = NSManagedObjectContextX.h; sourceTree = "<group>"; };
		E576DAD6196D55E8002597CD /* NSManagedObjectContextX.m */ = {isa = PBXFileReference; fileEncoding = 4; lastKnownFileType = sourcecode.c.objc; path = NSManagedObjectContextX.m; sourceTree = "<group>"; };
		E576DAD8196D55E8002597CD /* NSMutableArrayX.h */ = {isa = PBXFileReference; fileEncoding = 4; lastKnownFileType = sourcecode.c.h; path = NSMutableArrayX.h; sourceTree = "<group>"; };
		E576DAD9196D55E8002597CD /* NSMutableArrayX.m */ = {isa = PBXFileReference; fileEncoding = 4; lastKnownFileType = sourcecode.c.objc; path = NSMutableArrayX.m; sourceTree = "<group>"; };
		E576DADB196D55E8002597CD /* keypath.h */ = {isa = PBXFileReference; fileEncoding = 4; lastKnownFileType = sourcecode.c.h; path = keypath.h; sourceTree = "<group>"; };
		E576DADC196D55E8002597CD /* metamacros.h */ = {isa = PBXFileReference; fileEncoding = 4; lastKnownFileType = sourcecode.c.h; path = metamacros.h; sourceTree = "<group>"; };
		E576DADD196D55E8002597CD /* MTKObserver.h */ = {isa = PBXFileReference; fileEncoding = 4; lastKnownFileType = sourcecode.c.h; path = MTKObserver.h; sourceTree = "<group>"; };
		E576DADE196D55E8002597CD /* MTKObserver.m */ = {isa = PBXFileReference; fileEncoding = 4; lastKnownFileType = sourcecode.c.objc; path = MTKObserver.m; sourceTree = "<group>"; };
		E576DADF196D55E8002597CD /* MTKObserving.h */ = {isa = PBXFileReference; fileEncoding = 4; lastKnownFileType = sourcecode.c.h; path = MTKObserving.h; sourceTree = "<group>"; };
		E576DAE0196D55E8002597CD /* MTKObservingMacros.h */ = {isa = PBXFileReference; fileEncoding = 4; lastKnownFileType = sourcecode.c.h; path = MTKObservingMacros.h; sourceTree = "<group>"; };
		E576DAE1196D55E8002597CD /* NSObject+MTKObserving.h */ = {isa = PBXFileReference; fileEncoding = 4; lastKnownFileType = sourcecode.c.h; path = "NSObject+MTKObserving.h"; sourceTree = "<group>"; };
		E576DAE2196D55E8002597CD /* NSObject+MTKObserving.m */ = {isa = PBXFileReference; fileEncoding = 4; lastKnownFileType = sourcecode.c.objc; path = "NSObject+MTKObserving.m"; sourceTree = "<group>"; };
		E576DAE3196D55E8002597CD /* NSObject+SHObjectUserInfo.h */ = {isa = PBXFileReference; fileEncoding = 4; lastKnownFileType = sourcecode.c.h; path = "NSObject+SHObjectUserInfo.h"; sourceTree = "<group>"; };
		E576DAE4196D55E8002597CD /* NSObject+SHObjectUserInfo.m */ = {isa = PBXFileReference; fileEncoding = 4; lastKnownFileType = sourcecode.c.objc; path = "NSObject+SHObjectUserInfo.m"; sourceTree = "<group>"; };
		E576DAE5196D55E8002597CD /* NSObjectX.h */ = {isa = PBXFileReference; fileEncoding = 4; lastKnownFileType = sourcecode.c.h; path = NSObjectX.h; sourceTree = "<group>"; };
		E576DAE6196D55E8002597CD /* NSObjectX.m */ = {isa = PBXFileReference; fileEncoding = 4; lastKnownFileType = sourcecode.c.objc; path = NSObjectX.m; sourceTree = "<group>"; };
		E576DAE7196D55E8002597CD /* scope.h */ = {isa = PBXFileReference; fileEncoding = 4; lastKnownFileType = sourcecode.c.h; path = scope.h; sourceTree = "<group>"; };
		E576DAE9196D55E8002597CD /* NSSetX.h */ = {isa = PBXFileReference; fileEncoding = 4; lastKnownFileType = sourcecode.c.h; path = NSSetX.h; sourceTree = "<group>"; };
		E576DAEA196D55E8002597CD /* NSSetX.m */ = {isa = PBXFileReference; fileEncoding = 4; lastKnownFileType = sourcecode.c.objc; path = NSSetX.m; sourceTree = "<group>"; };
		E576DAEC196D55E8002597CD /* md5.h */ = {isa = PBXFileReference; fileEncoding = 4; lastKnownFileType = sourcecode.c.h; path = md5.h; sourceTree = "<group>"; };
		E576DAED196D55E8002597CD /* md5.m */ = {isa = PBXFileReference; fileEncoding = 4; lastKnownFileType = sourcecode.c.objc; path = md5.m; sourceTree = "<group>"; };
		E576DAEE196D55E8002597CD /* NSString+Color.h */ = {isa = PBXFileReference; fileEncoding = 4; lastKnownFileType = sourcecode.c.h; path = "NSString+Color.h"; sourceTree = "<group>"; };
		E576DAEF196D55E8002597CD /* NSString+Color.m */ = {isa = PBXFileReference; fileEncoding = 4; lastKnownFileType = sourcecode.c.objc; path = "NSString+Color.m"; sourceTree = "<group>"; };
		E576DAF0196D55E8002597CD /* NSString+Encode.h */ = {isa = PBXFileReference; fileEncoding = 4; lastKnownFileType = sourcecode.c.h; path = "NSString+Encode.h"; sourceTree = "<group>"; };
		E576DAF1196D55E8002597CD /* NSString+Encode.m */ = {isa = PBXFileReference; fileEncoding = 4; lastKnownFileType = sourcecode.c.objc; path = "NSString+Encode.m"; sourceTree = "<group>"; };
		E576DAF2196D55E8002597CD /* NSString+Validator.h */ = {isa = PBXFileReference; fileEncoding = 4; lastKnownFileType = sourcecode.c.h; path = "NSString+Validator.h"; sourceTree = "<group>"; };
		E576DAF3196D55E8002597CD /* NSString+Validator.m */ = {isa = PBXFileReference; fileEncoding = 4; lastKnownFileType = sourcecode.c.objc; path = "NSString+Validator.m"; sourceTree = "<group>"; };
		E576DAF4196D55E8002597CD /* NSStringX.h */ = {isa = PBXFileReference; fileEncoding = 4; lastKnownFileType = sourcecode.c.h; path = NSStringX.h; sourceTree = "<group>"; };
		E576DAF5196D55E8002597CD /* NSStringX.m */ = {isa = PBXFileReference; fileEncoding = 4; lastKnownFileType = sourcecode.c.objc; path = NSStringX.m; sourceTree = "<group>"; };
		E576DAF7196D55E8002597CD /* NSURLX.h */ = {isa = PBXFileReference; fileEncoding = 4; lastKnownFileType = sourcecode.c.h; path = NSURLX.h; sourceTree = "<group>"; };
		E576DAF8196D55E8002597CD /* NSURLX.m */ = {isa = PBXFileReference; fileEncoding = 4; lastKnownFileType = sourcecode.c.objc; path = NSURLX.m; sourceTree = "<group>"; };
		E576DAFA196D55E8002597CD /* NSUUIDX.h */ = {isa = PBXFileReference; fileEncoding = 4; lastKnownFileType = sourcecode.c.h; path = NSUUIDX.h; sourceTree = "<group>"; };
		E576DAFB196D55E8002597CD /* NSUUIDX.m */ = {isa = PBXFileReference; fileEncoding = 4; lastKnownFileType = sourcecode.c.objc; path = NSUUIDX.m; sourceTree = "<group>"; };
		E576DAFD196D55E8002597CD /* UIActionSheet+Blocks.h */ = {isa = PBXFileReference; fileEncoding = 4; lastKnownFileType = sourcecode.c.h; path = "UIActionSheet+Blocks.h"; sourceTree = "<group>"; };
		E576DAFE196D55E8002597CD /* UIActionSheet+Blocks.m */ = {isa = PBXFileReference; fileEncoding = 4; lastKnownFileType = sourcecode.c.objc; path = "UIActionSheet+Blocks.m"; sourceTree = "<group>"; };
		E576DAFF196D55E8002597CD /* UIActionSheet+SHActionSheetBlocks.h */ = {isa = PBXFileReference; fileEncoding = 4; lastKnownFileType = sourcecode.c.h; path = "UIActionSheet+SHActionSheetBlocks.h"; sourceTree = "<group>"; };
		E576DB00196D55E8002597CD /* UIActionSheet+SHActionSheetBlocks.m */ = {isa = PBXFileReference; fileEncoding = 4; lastKnownFileType = sourcecode.c.objc; path = "UIActionSheet+SHActionSheetBlocks.m"; sourceTree = "<group>"; };
		E576DB02196D55E8002597CD /* UIAlertView+SHAlertViewBlocks.h */ = {isa = PBXFileReference; fileEncoding = 4; lastKnownFileType = sourcecode.c.h; path = "UIAlertView+SHAlertViewBlocks.h"; sourceTree = "<group>"; };
		E576DB03196D55E8002597CD /* UIAlertView+SHAlertViewBlocks.m */ = {isa = PBXFileReference; fileEncoding = 4; lastKnownFileType = sourcecode.c.objc; path = "UIAlertView+SHAlertViewBlocks.m"; sourceTree = "<group>"; };
		E576DB04196D55E8002597CD /* UIAlertViewX.h */ = {isa = PBXFileReference; fileEncoding = 4; lastKnownFileType = sourcecode.c.h; path = UIAlertViewX.h; sourceTree = "<group>"; };
		E576DB05196D55E8002597CD /* UIAlertViewX.m */ = {isa = PBXFileReference; fileEncoding = 4; lastKnownFileType = sourcecode.c.objc; path = UIAlertViewX.m; sourceTree = "<group>"; };
		E576DB07196D55E8002597CD /* UIApplicationX.h */ = {isa = PBXFileReference; fileEncoding = 4; lastKnownFileType = sourcecode.c.h; path = UIApplicationX.h; sourceTree = "<group>"; };
		E576DB08196D55E8002597CD /* UIApplicationX.m */ = {isa = PBXFileReference; fileEncoding = 4; lastKnownFileType = sourcecode.c.objc; path = UIApplicationX.m; sourceTree = "<group>"; };
		E576DB0A196D55E8002597CD /* UIBarButtonItem+SHBarButtonItemBlocks.h */ = {isa = PBXFileReference; fileEncoding = 4; lastKnownFileType = sourcecode.c.h; path = "UIBarButtonItem+SHBarButtonItemBlocks.h"; sourceTree = "<group>"; };
		E576DB0B196D55E8002597CD /* UIBarButtonItem+SHBarButtonItemBlocks.m */ = {isa = PBXFileReference; fileEncoding = 4; lastKnownFileType = sourcecode.c.objc; path = "UIBarButtonItem+SHBarButtonItemBlocks.m"; sourceTree = "<group>"; };
		E576DB0D196D55E8002597CD /* UIColor+Components.h */ = {isa = PBXFileReference; fileEncoding = 4; lastKnownFileType = sourcecode.c.h; path = "UIColor+Components.h"; sourceTree = "<group>"; };
		E576DB0E196D55E8002597CD /* UIColor+Components.m */ = {isa = PBXFileReference; fileEncoding = 4; lastKnownFileType = sourcecode.c.objc; path = "UIColor+Components.m"; sourceTree = "<group>"; };
		E576DB0F196D55E8002597CD /* UIColor+Hex.h */ = {isa = PBXFileReference; fileEncoding = 4; lastKnownFileType = sourcecode.c.h; path = "UIColor+Hex.h"; sourceTree = "<group>"; };
		E576DB10196D55E8002597CD /* UIColor+Hex.m */ = {isa = PBXFileReference; fileEncoding = 4; lastKnownFileType = sourcecode.c.objc; path = "UIColor+Hex.m"; sourceTree = "<group>"; };
		E576DB11196D55E8002597CD /* UIColor+Modify.h */ = {isa = PBXFileReference; fileEncoding = 4; lastKnownFileType = sourcecode.c.h; path = "UIColor+Modify.h"; sourceTree = "<group>"; };
		E576DB12196D55E8002597CD /* UIColor+Modify.m */ = {isa = PBXFileReference; fileEncoding = 4; lastKnownFileType = sourcecode.c.objc; path = "UIColor+Modify.m"; sourceTree = "<group>"; };
		E576DB13196D55E8002597CD /* UIColorX.h */ = {isa = PBXFileReference; fileEncoding = 4; lastKnownFileType = sourcecode.c.h; path = UIColorX.h; sourceTree = "<group>"; };
		E576DB14196D55E8002597CD /* UIColorX.m */ = {isa = PBXFileReference; fileEncoding = 4; lastKnownFileType = sourcecode.c.objc; path = UIColorX.m; sourceTree = "<group>"; };
		E576DB16196D55E8002597CD /* UIControl+SHControlBlocks.h */ = {isa = PBXFileReference; fileEncoding = 4; lastKnownFileType = sourcecode.c.h; path = "UIControl+SHControlBlocks.h"; sourceTree = "<group>"; };
		E576DB17196D55E8002597CD /* UIControl+SHControlBlocks.m */ = {isa = PBXFileReference; fileEncoding = 4; lastKnownFileType = sourcecode.c.objc; path = "UIControl+SHControlBlocks.m"; sourceTree = "<group>"; };
		E576DB19196D55E8002597CD /* UIDeviceX.h */ = {isa = PBXFileReference; fileEncoding = 4; lastKnownFileType = sourcecode.c.h; path = UIDeviceX.h; sourceTree = "<group>"; };
		E576DB1A196D55E8002597CD /* UIDeviceX.m */ = {isa = PBXFileReference; fileEncoding = 4; lastKnownFileType = sourcecode.c.objc; path = UIDeviceX.m; sourceTree = "<group>"; };
		E576DB1C196D55E8002597CD /* UIGestureRecognizer+SHGestureRecognizerBlocks.h */ = {isa = PBXFileReference; fileEncoding = 4; lastKnownFileType = sourcecode.c.h; path = "UIGestureRecognizer+SHGestureRecognizerBlocks.h"; sourceTree = "<group>"; };
		E576DB1D196D55E8002597CD /* UIGestureRecognizer+SHGestureRecognizerBlocks.m */ = {isa = PBXFileReference; fileEncoding = 4; lastKnownFileType = sourcecode.c.objc; path = "UIGestureRecognizer+SHGestureRecognizerBlocks.m"; sourceTree = "<group>"; };
		E576DB1F196D55E8002597CD /* UIImage+AnimatedGIF.h */ = {isa = PBXFileReference; fileEncoding = 4; lastKnownFileType = sourcecode.c.h; path = "UIImage+AnimatedGIF.h"; sourceTree = "<group>"; };
		E576DB20196D55E8002597CD /* UIImage+AnimatedGIF.m */ = {isa = PBXFileReference; fileEncoding = 4; lastKnownFileType = sourcecode.c.objc; path = "UIImage+AnimatedGIF.m"; sourceTree = "<group>"; };
		E576DB21196D55E8002597CD /* UIImage+Extension.h */ = {isa = PBXFileReference; fileEncoding = 4; lastKnownFileType = sourcecode.c.h; path = "UIImage+Extension.h"; sourceTree = "<group>"; };
		E576DB22196D55E8002597CD /* UIImage+Extension.m */ = {isa = PBXFileReference; fileEncoding = 4; lastKnownFileType = sourcecode.c.objc; path = "UIImage+Extension.m"; sourceTree = "<group>"; };
		E576DB23196D55E8002597CD /* UIImage+ImageEffects.h */ = {isa = PBXFileReference; fileEncoding = 4; lastKnownFileType = sourcecode.c.h; path = "UIImage+ImageEffects.h"; sourceTree = "<group>"; };
		E576DB24196D55E8002597CD /* UIImage+ImageEffects.m */ = {isa = PBXFileReference; fileEncoding = 4; lastKnownFileType = sourcecode.c.objc; path = "UIImage+ImageEffects.m"; sourceTree = "<group>"; };
		E576DB25196D55E8002597CD /* UIImage+ImageWithColor.h */ = {isa = PBXFileReference; fileEncoding = 4; lastKnownFileType = sourcecode.c.h; path = "UIImage+ImageWithColor.h"; sourceTree = "<group>"; };
		E576DB26196D55E8002597CD /* UIImage+ImageWithColor.m */ = {isa = PBXFileReference; fileEncoding = 4; lastKnownFileType = sourcecode.c.objc; path = "UIImage+ImageWithColor.m"; sourceTree = "<group>"; };
		E576DB27196D55E8002597CD /* UIImage+Scale.h */ = {isa = PBXFileReference; fileEncoding = 4; lastKnownFileType = sourcecode.c.h; path = "UIImage+Scale.h"; sourceTree = "<group>"; };
		E576DB28196D55E8002597CD /* UIImage+Scale.m */ = {isa = PBXFileReference; fileEncoding = 4; lastKnownFileType = sourcecode.c.objc; path = "UIImage+Scale.m"; sourceTree = "<group>"; };
		E576DB29196D55E8002597CD /* UIImage+UIColor.h */ = {isa = PBXFileReference; fileEncoding = 4; lastKnownFileType = sourcecode.c.h; path = "UIImage+UIColor.h"; sourceTree = "<group>"; };
		E576DB2A196D55E8002597CD /* UIImage+UIColor.m */ = {isa = PBXFileReference; fileEncoding = 4; lastKnownFileType = sourcecode.c.objc; path = "UIImage+UIColor.m"; sourceTree = "<group>"; };
		E576DB2B196D55E8002597CD /* UIImageX.h */ = {isa = PBXFileReference; fileEncoding = 4; lastKnownFileType = sourcecode.c.h; path = UIImageX.h; sourceTree = "<group>"; };
		E576DB2C196D55E8002597CD /* UIImageX.m */ = {isa = PBXFileReference; fileEncoding = 4; lastKnownFileType = sourcecode.c.objc; path = UIImageX.m; sourceTree = "<group>"; };
		E576DB2E196D55E8002597CD /* UINavigationController+SHNavigationControllerBlocks.h */ = {isa = PBXFileReference; fileEncoding = 4; lastKnownFileType = sourcecode.c.h; path = "UINavigationController+SHNavigationControllerBlocks.h"; sourceTree = "<group>"; };
		E576DB2F196D55E8002597CD /* UINavigationController+SHNavigationControllerBlocks.m */ = {isa = PBXFileReference; fileEncoding = 4; lastKnownFileType = sourcecode.c.objc; path = "UINavigationController+SHNavigationControllerBlocks.m"; sourceTree = "<group>"; };
		E576DB31196D55E8002597CD /* UISearchBar+Blocks.h */ = {isa = PBXFileReference; fileEncoding = 4; lastKnownFileType = sourcecode.c.h; path = "UISearchBar+Blocks.h"; sourceTree = "<group>"; };
		E576DB32196D55E8002597CD /* UISearchBar+Blocks.m */ = {isa = PBXFileReference; fileEncoding = 4; lastKnownFileType = sourcecode.c.objc; path = "UISearchBar+Blocks.m"; sourceTree = "<group>"; };
		E576DB34196D55E8002597CD /* UITabBarController+SHTabBarControllerBlocks.h */ = {isa = PBXFileReference; fileEncoding = 4; lastKnownFileType = sourcecode.c.h; path = "UITabBarController+SHTabBarControllerBlocks.h"; sourceTree = "<group>"; };
		E576DB35196D55E8002597CD /* UITabBarController+SHTabBarControllerBlocks.m */ = {isa = PBXFileReference; fileEncoding = 4; lastKnownFileType = sourcecode.c.objc; path = "UITabBarController+SHTabBarControllerBlocks.m"; sourceTree = "<group>"; };
		E576DB36196D55E8002597CD /* UITabBarControllerX.h */ = {isa = PBXFileReference; fileEncoding = 4; lastKnownFileType = sourcecode.c.h; path = UITabBarControllerX.h; sourceTree = "<group>"; };
		E576DB37196D55E8002597CD /* UITabBarControllerX.m */ = {isa = PBXFileReference; fileEncoding = 4; lastKnownFileType = sourcecode.c.objc; path = UITabBarControllerX.m; sourceTree = "<group>"; };
		E576DB39196D55E8002597CD /* UITextField+SHTextFieldBlocks.h */ = {isa = PBXFileReference; fileEncoding = 4; lastKnownFileType = sourcecode.c.h; path = "UITextField+SHTextFieldBlocks.h"; sourceTree = "<group>"; };
		E576DB3A196D55E8002597CD /* UITextField+SHTextFieldBlocks.m */ = {isa = PBXFileReference; fileEncoding = 4; lastKnownFileType = sourcecode.c.objc; path = "UITextField+SHTextFieldBlocks.m"; sourceTree = "<group>"; };
		E576DB3C196D55E8002597CD /* UITextView+SHTextViewBlocks.h */ = {isa = PBXFileReference; fileEncoding = 4; lastKnownFileType = sourcecode.c.h; path = "UITextView+SHTextViewBlocks.h"; sourceTree = "<group>"; };
		E576DB3D196D55E8002597CD /* UITextView+SHTextViewBlocks.m */ = {isa = PBXFileReference; fileEncoding = 4; lastKnownFileType = sourcecode.c.objc; path = "UITextView+SHTextViewBlocks.m"; sourceTree = "<group>"; };
		E576DB3F196D55E8002597CD /* UIView+AnimationExtensions.h */ = {isa = PBXFileReference; fileEncoding = 4; lastKnownFileType = sourcecode.c.h; path = "UIView+AnimationExtensions.h"; sourceTree = "<group>"; };
		E576DB40196D55E8002597CD /* UIView+AnimationExtensions.m */ = {isa = PBXFileReference; fileEncoding = 4; lastKnownFileType = sourcecode.c.objc; path = "UIView+AnimationExtensions.m"; sourceTree = "<group>"; };
		E576DB41196D55E8002597CD /* UIView+Geometry.h */ = {isa = PBXFileReference; fileEncoding = 4; lastKnownFileType = sourcecode.c.h; path = "UIView+Geometry.h"; sourceTree = "<group>"; };
		E576DB42196D55E8002597CD /* UIView+Geometry.m */ = {isa = PBXFileReference; fileEncoding = 4; lastKnownFileType = sourcecode.c.objc; path = "UIView+Geometry.m"; sourceTree = "<group>"; };
		E576DB43196D55E8002597CD /* UIViewX.h */ = {isa = PBXFileReference; fileEncoding = 4; lastKnownFileType = sourcecode.c.h; path = UIViewX.h; sourceTree = "<group>"; };
		E576DB44196D55E8002597CD /* UIViewX.m */ = {isa = PBXFileReference; fileEncoding = 4; lastKnownFileType = sourcecode.c.objc; path = UIViewX.m; sourceTree = "<group>"; };
		E576DB46196D55E8002597CD /* UIViewController+SHSegueBlocks.h */ = {isa = PBXFileReference; fileEncoding = 4; lastKnownFileType = sourcecode.c.h; path = "UIViewController+SHSegueBlocks.h"; sourceTree = "<group>"; };
		E576DB47196D55E8002597CD /* UIViewController+SHSegueBlocks.m */ = {isa = PBXFileReference; fileEncoding = 4; lastKnownFileType = sourcecode.c.objc; path = "UIViewController+SHSegueBlocks.m"; sourceTree = "<group>"; };
		E576DB48196D55E8002597CD /* UIViewController+SHTransitionBlocks.h */ = {isa = PBXFileReference; fileEncoding = 4; lastKnownFileType = sourcecode.c.h; path = "UIViewController+SHTransitionBlocks.h"; sourceTree = "<group>"; };
		E576DB49196D55E8002597CD /* UIViewController+SHTransitionBlocks.m */ = {isa = PBXFileReference; fileEncoding = 4; lastKnownFileType = sourcecode.c.objc; path = "UIViewController+SHTransitionBlocks.m"; sourceTree = "<group>"; };
		E576DB4B196D55E8002597CD /* UIWebView+SHWebViewBlocks.h */ = {isa = PBXFileReference; fileEncoding = 4; lastKnownFileType = sourcecode.c.h; path = "UIWebView+SHWebViewBlocks.h"; sourceTree = "<group>"; };
		E576DB4C196D55E8002597CD /* UIWebView+SHWebViewBlocks.m */ = {isa = PBXFileReference; fileEncoding = 4; lastKnownFileType = sourcecode.c.objc; path = "UIWebView+SHWebViewBlocks.m"; sourceTree = "<group>"; };
		E576DB4D196D55E8002597CD /* UIWebViewX.h */ = {isa = PBXFileReference; fileEncoding = 4; lastKnownFileType = sourcecode.c.h; path = UIWebViewX.h; sourceTree = "<group>"; };
		E576DB4E196D55E8002597CD /* UIWebViewX.m */ = {isa = PBXFileReference; fileEncoding = 4; lastKnownFileType = sourcecode.c.objc; path = UIWebViewX.m; sourceTree = "<group>"; };
		E57A3F04196EFD0300EFC0C9 /* WFUIWorkAroundKIFTests.h */ = {isa = PBXFileReference; fileEncoding = 4; lastKnownFileType = sourcecode.c.h; path = WFUIWorkAroundKIFTests.h; sourceTree = "<group>"; };
		E57A3F05196EFD0300EFC0C9 /* WFUIWorkAroundKIFTests.m */ = {isa = PBXFileReference; fileEncoding = 4; lastKnownFileType = sourcecode.c.objc; path = WFUIWorkAroundKIFTests.m; sourceTree = "<group>"; };
		E5CC168A196C97F400CC06C6 /* WFAppearenceManager.h */ = {isa = PBXFileReference; fileEncoding = 4; lastKnownFileType = sourcecode.c.h; path = WFAppearenceManager.h; sourceTree = "<group>"; };
		E5CC168B196C97F400CC06C6 /* WFAppearenceManager.m */ = {isa = PBXFileReference; fileEncoding = 4; lastKnownFileType = sourcecode.c.objc; path = WFAppearenceManager.m; sourceTree = "<group>"; };
		E5CC168E196C999E00CC06C6 /* WFPageDataSourceViewController.h */ = {isa = PBXFileReference; fileEncoding = 4; lastKnownFileType = sourcecode.c.h; path = WFPageDataSourceViewController.h; sourceTree = "<group>"; };
		E5CC168F196C999E00CC06C6 /* WFPageDataSourceViewController.m */ = {isa = PBXFileReference; fileEncoding = 4; lastKnownFileType = sourcecode.c.objc; path = WFPageDataSourceViewController.m; sourceTree = "<group>"; };
		E5EEA13C196D6B8A003F7AEE /* WFGlobalDataManager.h */ = {isa = PBXFileReference; fileEncoding = 4; lastKnownFileType = sourcecode.c.h; path = WFGlobalDataManager.h; sourceTree = "<group>"; };
		E5EEA13D196D6B8A003F7AEE /* WFGlobalDataManager.m */ = {isa = PBXFileReference; fileEncoding = 4; lastKnownFileType = sourcecode.c.objc; path = WFGlobalDataManager.m; sourceTree = "<group>"; };
		E5EEA142196D7E8B003F7AEE /* WFDayForecastView.h */ = {isa = PBXFileReference; fileEncoding = 4; lastKnownFileType = sourcecode.c.h; path = WFDayForecastView.h; sourceTree = "<group>"; };
		E5EEA143196D7E8B003F7AEE /* WFDayForecastView.m */ = {isa = PBXFileReference; fileEncoding = 4; lastKnownFileType = sourcecode.c.objc; path = WFDayForecastView.m; sourceTree = "<group>"; };
		E5EEA145196D8032003F7AEE /* WFDayForecastView.xib */ = {isa = PBXFileReference; fileEncoding = 4; lastKnownFileType = file.xib; path = WFDayForecastView.xib; sourceTree = "<group>"; };
		E5EEA147196D8757003F7AEE /* PHGraphObject.h */ = {isa = PBXFileReference; fileEncoding = 4; lastKnownFileType = sourcecode.c.h; path = PHGraphObject.h; sourceTree = "<group>"; };
		E5EEA148196D8757003F7AEE /* PHGraphObject.m */ = {isa = PBXFileReference; fileEncoding = 4; lastKnownFileType = sourcecode.c.objc; path = PHGraphObject.m; sourceTree = "<group>"; };
		E5EEA14A196D87A8003F7AEE /* WFWeatherForecastProtocol.h */ = {isa = PBXFileReference; lastKnownFileType = sourcecode.c.h; path = WFWeatherForecastProtocol.h; sourceTree = "<group>"; };
		E5EEA14B196D8814003F7AEE /* WFWeatherForecastDescriptionProtocol.h */ = {isa = PBXFileReference; lastKnownFileType = sourcecode.c.h; path = WFWeatherForecastDescriptionProtocol.h; sourceTree = "<group>"; };
/* End PBXFileReference section */

/* Begin PBXFrameworksBuildPhase section */
		E557A49C196C852200537F37 /* Frameworks */ = {
			isa = PBXFrameworksBuildPhase;
			buildActionMask = 2147483647;
			files = (
				E557A4A5196C852200537F37 /* CoreGraphics.framework in Frameworks */,
				E557A4A7196C852200537F37 /* UIKit.framework in Frameworks */,
				E557A4A3196C852200537F37 /* Foundation.framework in Frameworks */,
				D6F09187227740BEB775416F /* libPods.a in Frameworks */,
			);
			runOnlyForDeploymentPostprocessing = 0;
		};
		E57117D7196EE6BB00EC1698 /* Frameworks */ = {
			isa = PBXFrameworksBuildPhase;
			buildActionMask = 2147483647;
			files = (
				E57117DB196EE6BB00EC1698 /* XCTest.framework in Frameworks */,
				E57117DD196EE6BB00EC1698 /* UIKit.framework in Frameworks */,
				E57117DC196EE6BB00EC1698 /* Foundation.framework in Frameworks */,
			);
			runOnlyForDeploymentPostprocessing = 0;
		};
/* End PBXFrameworksBuildPhase section */

/* Begin PBXGroup section */
		E557A496196C852200537F37 = {
			isa = PBXGroup;
			children = (
				E557A4A8196C852200537F37 /* WeatherForecast */,
				E57117DE196EE6BB00EC1698 /* WeatherForecast Tests */,
				E557A4A1196C852200537F37 /* Frameworks */,
				E557A4A0196C852200537F37 /* Products */,
				777A1EF3017847CE9A4EB278 /* Pods.xcconfig */,
			);
			sourceTree = "<group>";
		};
		E557A4A0196C852200537F37 /* Products */ = {
			isa = PBXGroup;
			children = (
				E557A49F196C852200537F37 /* WeatherForecast.app */,
				E57117DA196EE6BB00EC1698 /* WeatherForecast Tests.xctest */,
			);
			name = Products;
			sourceTree = "<group>";
		};
		E557A4A1196C852200537F37 /* Frameworks */ = {
			isa = PBXGroup;
			children = (
				E557A4A2196C852200537F37 /* Foundation.framework */,
				E557A4A4196C852200537F37 /* CoreGraphics.framework */,
				E557A4A6196C852200537F37 /* UIKit.framework */,
				E557A4C1196C852200537F37 /* XCTest.framework */,
				0C3AE4F2E0BC4ACB8EB76E8F /* libPods.a */,
			);
			name = Frameworks;
			sourceTree = "<group>";
		};
		E557A4A8196C852200537F37 /* WeatherForecast */ = {
			isa = PBXGroup;
			children = (
				E557A4D7196C860500537F37 /* Category */,
				E557A4D8196C860500537F37 /* CoreData Layer */,
				E557A4E1196C860500537F37 /* Interface Layer */,
				E557A4E7196C860500537F37 /* Network layer */,
				E557A4F1196C860500537F37 /* Resources */,
				E557A4F7196C860500537F37 /* Supporting Files */,
				E557A4FD196C860500537F37 /* Utility */,
				E557A500196C860500537F37 /* Vendor */,
			);
			path = WeatherForecast;
			sourceTree = "<group>";
		};
		E557A4D7196C860500537F37 /* Category */ = {
			isa = PBXGroup;
			children = (
				E576DAAF196D55E8002597CD /* CategoriesExtension.h */,
				E5754D75196DC13D00E41359 /* UILabel */,
				E576DAB0196D55E8002597CD /* Lyt */,
				E576DAB3196D55E8002597CD /* MKMapView */,
				E576DAB6196D55E8002597CD /* NSDate */,
				E576DACB196D55E8002597CD /* NSDictionary */,
				E576DACE196D55E8002597CD /* NSException */,
				E576DAD1196D55E8002597CD /* NSFileManager */,
				E576DAD4196D55E8002597CD /* NSManagedObjectContext */,
				E576DAD7196D55E8002597CD /* NSMutableArray */,
				E576DADA196D55E8002597CD /* NSObject */,
				E576DAE8196D55E8002597CD /* NSSet */,
				E576DAEB196D55E8002597CD /* NSString */,
				E576DAF6196D55E8002597CD /* NSURL */,
				E576DAF9196D55E8002597CD /* NSUUID */,
				E576DAFC196D55E8002597CD /* UIActionSheet */,
				E576DB01196D55E8002597CD /* UIAlertView */,
				E576DB06196D55E8002597CD /* UIApplication */,
				E576DB09196D55E8002597CD /* UIBarButtonItem */,
				E576DB0C196D55E8002597CD /* UIColor */,
				E576DB15196D55E8002597CD /* UIControl */,
				E576DB18196D55E8002597CD /* UIDevice */,
				E576DB1B196D55E8002597CD /* UIGestureRecognizer */,
				E576DB1E196D55E8002597CD /* UIImage */,
				E576DB2D196D55E8002597CD /* UINavigationController */,
				E576DB30196D55E8002597CD /* UISearchBar */,
				E576DB33196D55E8002597CD /* UITabBarController */,
				E576DB38196D55E8002597CD /* UITextField */,
				E576DB3B196D55E8002597CD /* UITextView */,
				E576DB3E196D55E8002597CD /* UIView */,
				E576DB45196D55E8002597CD /* UIViewController */,
				E576DB4A196D55E8002597CD /* UIWebView */,
			);
			path = Category;
			sourceTree = "<group>";
		};
		E557A4D8196C860500537F37 /* CoreData Layer */ = {
			isa = PBXGroup;
			children = (
				E557A4D9196C860500537F37 /* ACEphemeralObject.h */,
				E557A4DA196C860500537F37 /* ACEphemeralObject.m */,
				E5754D6F196DAAB400E41359 /* City.h */,
				E5754D70196DAAB400E41359 /* City.m */,
				E53FA12F196D3D7D0083173F /* Model.xcdatamodeld */,
				E53FA132196D3F040083173F /* WeatherForecast.h */,
				E53FA133196D3F040083173F /* WeatherForecast.m */,
			);
			path = "CoreData Layer";
			sourceTree = "<group>";
		};
		E557A4E1196C860500537F37 /* Interface Layer */ = {
			isa = PBXGroup;
			children = (
				E557A4E2196C860500537F37 /* Cells */,
				E557A4E3196C860500537F37 /* View Controllers */,
				E557A4E6196C860500537F37 /* Views */,
			);
			path = "Interface Layer";
			sourceTree = "<group>";
		};
		E557A4E2196C860500537F37 /* Cells */ = {
			isa = PBXGroup;
			children = (
			);
			path = Cells;
			sourceTree = "<group>";
		};
		E557A4E3196C860500537F37 /* View Controllers */ = {
			isa = PBXGroup;
			children = (
				E557A552196C8B4900537F37 /* WFLeftSideCityListViewController.h */,
				E557A553196C8B4900537F37 /* WFLeftSideCityListViewController.m */,
				E557A555196C8B7400537F37 /* WFCityWeatherViewController.h */,
				E557A556196C8B7400537F37 /* WFCityWeatherViewController.m */,
				E557A558196C8B8100537F37 /* WFRightSideCityLookupViewController.h */,
				E557A559196C8B8100537F37 /* WFRightSideCityLookupViewController.m */,
				E5CC168E196C999E00CC06C6 /* WFPageDataSourceViewController.h */,
				E5CC168F196C999E00CC06C6 /* WFPageDataSourceViewController.m */,
				E570A8BB196D14CA00D63023 /* WFPageBaseContentViewController.h */,
				E570A8BC196D14CA00D63023 /* WFPageBaseContentViewController.m */,
			);
			path = "View Controllers";
			sourceTree = "<group>";
		};
		E557A4E6196C860500537F37 /* Views */ = {
			isa = PBXGroup;
			children = (
				E5EEA142196D7E8B003F7AEE /* WFDayForecastView.h */,
				E5EEA143196D7E8B003F7AEE /* WFDayForecastView.m */,
			);
			path = Views;
			sourceTree = "<group>";
		};
		E557A4E7196C860500537F37 /* Network layer */ = {
			isa = PBXGroup;
			children = (
				E557A4E8196C860500537F37 /* Client */,
				E557A4EF196C860500537F37 /* NCNetworkClient.h */,
				E557A4F0196C860500537F37 /* NCNetworkClient.m */,
			);
			path = "Network layer";
			sourceTree = "<group>";
		};
		E557A4E8196C860500537F37 /* Client */ = {
			isa = PBXGroup;
			children = (
				E557A4E9196C860500537F37 /* NCNetworkManager.h */,
				E557A4EA196C860500537F37 /* NCNetworkManager.m */,
				E557A4EB196C860500537F37 /* NCNetworkRequestSerializer.h */,
				E557A4EC196C860500537F37 /* NCNetworkRequestSerializer.m */,
				E557A4ED196C860500537F37 /* NCNetworkResponseSerializer.h */,
				E557A4EE196C860500537F37 /* NCNetworkResponseSerializer.m */,
			);
			path = Client;
			sourceTree = "<group>";
		};
		E557A4F1196C860500537F37 /* Resources */ = {
			isa = PBXGroup;
			children = (
				E570DC62196DC6D500604472 /* NimbusSanNovDLig.ttf */,
				E570DC63196DC6D500604472 /* NimbusSanNovDUltLig.ttf */,
				E557A4F2196C860500537F37 /* Main.storyboard */,
				E557A4F4196C860500537F37 /* InfoPlist.strings */,
				E557A4F6196C860500537F37 /* Images.xcassets */,
				E5EEA145196D8032003F7AEE /* WFDayForecastView.xib */,
			);
			path = Resources;
			sourceTree = "<group>";
		};
		E557A4F7196C860500537F37 /* Supporting Files */ = {
			isa = PBXGroup;
			children = (
				E557A4F8196C860500537F37 /* main.m */,
				E557A4F9196C860500537F37 /* WeatherForecast-Info.plist */,
				E557A4FA196C860500537F37 /* WeatherForecast-Prefix.pch */,
				E557A4FB196C860500537F37 /* WFAppDelegate.h */,
				E557A4FC196C860500537F37 /* WFAppDelegate.m */,
			);
			path = "Supporting Files";
			sourceTree = "<group>";
		};
		E557A4FD196C860500537F37 /* Utility */ = {
			isa = PBXGroup;
			children = (
				E5EEA147196D8757003F7AEE /* PHGraphObject.h */,
				E5EEA148196D8757003F7AEE /* PHGraphObject.m */,
				E557A4FE196C860500537F37 /* PHClassTypeConvertor.h */,
				E557A4FF196C860500537F37 /* PHClassTypeConvertor.m */,
				E5CC168A196C97F400CC06C6 /* WFAppearenceManager.h */,
				E5CC168B196C97F400CC06C6 /* WFAppearenceManager.m */,
				E5EEA13C196D6B8A003F7AEE /* WFGlobalDataManager.h */,
				E5EEA13D196D6B8A003F7AEE /* WFGlobalDataManager.m */,
				E5EEA14A196D87A8003F7AEE /* WFWeatherForecastProtocol.h */,
				E5EEA14B196D8814003F7AEE /* WFWeatherForecastDescriptionProtocol.h */,
			);
			path = Utility;
			sourceTree = "<group>";
		};
		E557A500196C860500537F37 /* Vendor */ = {
			isa = PBXGroup;
			children = (
			);
			path = Vendor;
			sourceTree = "<group>";
		};
		E57117DE196EE6BB00EC1698 /* WeatherForecast Tests */ = {
			isa = PBXGroup;
			children = (
				E57117EC196EE74300EC1698 /* PHPhoenixBaseTests.h */,
				E57117ED196EE74300EC1698 /* PHPhoenixBaseTests.m */,
				E57117E4196EE6BB00EC1698 /* WeatherForecastTests.m */,
				E57A3F04196EFD0300EFC0C9 /* WFUIWorkAroundKIFTests.h */,
				E57A3F05196EFD0300EFC0C9 /* WFUIWorkAroundKIFTests.m */,
				E57117DF196EE6BB00EC1698 /* Supporting Files */,
			);
			path = "WeatherForecast Tests";
			sourceTree = "<group>";
		};
		E57117DF196EE6BB00EC1698 /* Supporting Files */ = {
			isa = PBXGroup;
			children = (
				E57117E0196EE6BB00EC1698 /* WeatherForecast Tests-Info.plist */,
				E57117E1196EE6BB00EC1698 /* InfoPlist.strings */,
				E57117E6196EE6BC00EC1698 /* WeatherForecast Tests-Prefix.pch */,
			);
			name = "Supporting Files";
			sourceTree = "<group>";
		};
		E5754D75196DC13D00E41359 /* UILabel */ = {
			isa = PBXGroup;
			children = (
				E5754D76196DC15B00E41359 /* UILabel+CustomFont.h */,
				E5754D77196DC15B00E41359 /* UILabel+CustomFont.m */,
			);
			path = UILabel;
			sourceTree = "<group>";
		};
		E576DAB0196D55E8002597CD /* Lyt */ = {
			isa = PBXGroup;
			children = (
				E576DAB1196D55E8002597CD /* Lyt.h */,
				E576DAB2196D55E8002597CD /* Lyt.m */,
			);
			path = Lyt;
			sourceTree = "<group>";
		};
		E576DAB3196D55E8002597CD /* MKMapView */ = {
			isa = PBXGroup;
			children = (
				E576DAB4196D55E8002597CD /* MKMapViewX.h */,
				E576DAB5196D55E8002597CD /* MKMapViewX.m */,
			);
			path = MKMapView;
			sourceTree = "<group>";
		};
		E576DAB6196D55E8002597CD /* NSDate */ = {
			isa = PBXGroup;
			children = (
				E576DAB7196D55E8002597CD /* NSDate+Compare.h */,
				E576DAB8196D55E8002597CD /* NSDate+Compare.m */,
				E576DAB9196D55E8002597CD /* NSDate+Components.h */,
				E576DABA196D55E8002597CD /* NSDate+Components.m */,
				E576DABB196D55E8002597CD /* NSDate+CupertinoYankee.h */,
				E576DABC196D55E8002597CD /* NSDate+CupertinoYankee.m */,
				E576DABD196D55E8002597CD /* NSDate+DateTime.h */,
				E576DABE196D55E8002597CD /* NSDate+DateTime.m */,
				E576DABF196D55E8002597CD /* NSDate+Day.h */,
				E576DAC0196D55E8002597CD /* NSDate+Day.m */,
				E576DAC1196D55E8002597CD /* NSDate+Month.h */,
				E576DAC2196D55E8002597CD /* NSDate+Month.m */,
				E576DAC3196D55E8002597CD /* NSDate+Time.h */,
				E576DAC4196D55E8002597CD /* NSDate+Time.m */,
				E576DAC5196D55E8002597CD /* NSDate+Week.h */,
				E576DAC6196D55E8002597CD /* NSDate+Week.m */,
				E576DAC7196D55E8002597CD /* NSDate+Year.h */,
				E576DAC8196D55E8002597CD /* NSDate+Year.m */,
				E576DAC9196D55E8002597CD /* NSDateX.h */,
				E576DACA196D55E8002597CD /* NSDateX.m */,
			);
			path = NSDate;
			sourceTree = "<group>";
		};
		E576DACB196D55E8002597CD /* NSDictionary */ = {
			isa = PBXGroup;
			children = (
				E576DACC196D55E8002597CD /* NSDictionaryX.h */,
				E576DACD196D55E8002597CD /* NSDictionaryX.m */,
			);
			path = NSDictionary;
			sourceTree = "<group>";
		};
		E576DACE196D55E8002597CD /* NSException */ = {
			isa = PBXGroup;
			children = (
				E576DACF196D55E8002597CD /* NSExceptionX.h */,
				E576DAD0196D55E8002597CD /* NSExceptionX.m */,
			);
			path = NSException;
			sourceTree = "<group>";
		};
		E576DAD1196D55E8002597CD /* NSFileManager */ = {
			isa = PBXGroup;
			children = (
				E576DAD2196D55E8002597CD /* NSFileManagerX.h */,
				E576DAD3196D55E8002597CD /* NSFileManagerX.m */,
			);
			path = NSFileManager;
			sourceTree = "<group>";
		};
		E576DAD4196D55E8002597CD /* NSManagedObjectContext */ = {
			isa = PBXGroup;
			children = (
				E576DAD5196D55E8002597CD /* NSManagedObjectContextX.h */,
				E576DAD6196D55E8002597CD /* NSManagedObjectContextX.m */,
			);
			path = NSManagedObjectContext;
			sourceTree = "<group>";
		};
		E576DAD7196D55E8002597CD /* NSMutableArray */ = {
			isa = PBXGroup;
			children = (
				E576DAD8196D55E8002597CD /* NSMutableArrayX.h */,
				E576DAD9196D55E8002597CD /* NSMutableArrayX.m */,
			);
			path = NSMutableArray;
			sourceTree = "<group>";
		};
		E576DADA196D55E8002597CD /* NSObject */ = {
			isa = PBXGroup;
			children = (
				E576DADB196D55E8002597CD /* keypath.h */,
				E576DADC196D55E8002597CD /* metamacros.h */,
				E576DADD196D55E8002597CD /* MTKObserver.h */,
				E576DADE196D55E8002597CD /* MTKObserver.m */,
				E576DADF196D55E8002597CD /* MTKObserving.h */,
				E576DAE0196D55E8002597CD /* MTKObservingMacros.h */,
				E576DAE1196D55E8002597CD /* NSObject+MTKObserving.h */,
				E576DAE2196D55E8002597CD /* NSObject+MTKObserving.m */,
				E576DAE3196D55E8002597CD /* NSObject+SHObjectUserInfo.h */,
				E576DAE4196D55E8002597CD /* NSObject+SHObjectUserInfo.m */,
				E576DAE5196D55E8002597CD /* NSObjectX.h */,
				E576DAE6196D55E8002597CD /* NSObjectX.m */,
				E576DAE7196D55E8002597CD /* scope.h */,
			);
			path = NSObject;
			sourceTree = "<group>";
		};
		E576DAE8196D55E8002597CD /* NSSet */ = {
			isa = PBXGroup;
			children = (
				E576DAE9196D55E8002597CD /* NSSetX.h */,
				E576DAEA196D55E8002597CD /* NSSetX.m */,
			);
			path = NSSet;
			sourceTree = "<group>";
		};
		E576DAEB196D55E8002597CD /* NSString */ = {
			isa = PBXGroup;
			children = (
				E576DAEC196D55E8002597CD /* md5.h */,
				E576DAED196D55E8002597CD /* md5.m */,
				E576DAEE196D55E8002597CD /* NSString+Color.h */,
				E576DAEF196D55E8002597CD /* NSString+Color.m */,
				E576DAF0196D55E8002597CD /* NSString+Encode.h */,
				E576DAF1196D55E8002597CD /* NSString+Encode.m */,
				E576DAF2196D55E8002597CD /* NSString+Validator.h */,
				E576DAF3196D55E8002597CD /* NSString+Validator.m */,
				E576DAF4196D55E8002597CD /* NSStringX.h */,
				E576DAF5196D55E8002597CD /* NSStringX.m */,
			);
			path = NSString;
			sourceTree = "<group>";
		};
		E576DAF6196D55E8002597CD /* NSURL */ = {
			isa = PBXGroup;
			children = (
				E576DAF7196D55E8002597CD /* NSURLX.h */,
				E576DAF8196D55E8002597CD /* NSURLX.m */,
			);
			path = NSURL;
			sourceTree = "<group>";
		};
		E576DAF9196D55E8002597CD /* NSUUID */ = {
			isa = PBXGroup;
			children = (
				E576DAFA196D55E8002597CD /* NSUUIDX.h */,
				E576DAFB196D55E8002597CD /* NSUUIDX.m */,
			);
			path = NSUUID;
			sourceTree = "<group>";
		};
		E576DAFC196D55E8002597CD /* UIActionSheet */ = {
			isa = PBXGroup;
			children = (
				E576DAFD196D55E8002597CD /* UIActionSheet+Blocks.h */,
				E576DAFE196D55E8002597CD /* UIActionSheet+Blocks.m */,
				E576DAFF196D55E8002597CD /* UIActionSheet+SHActionSheetBlocks.h */,
				E576DB00196D55E8002597CD /* UIActionSheet+SHActionSheetBlocks.m */,
			);
			path = UIActionSheet;
			sourceTree = "<group>";
		};
		E576DB01196D55E8002597CD /* UIAlertView */ = {
			isa = PBXGroup;
			children = (
				E576DB02196D55E8002597CD /* UIAlertView+SHAlertViewBlocks.h */,
				E576DB03196D55E8002597CD /* UIAlertView+SHAlertViewBlocks.m */,
				E576DB04196D55E8002597CD /* UIAlertViewX.h */,
				E576DB05196D55E8002597CD /* UIAlertViewX.m */,
			);
			path = UIAlertView;
			sourceTree = "<group>";
		};
		E576DB06196D55E8002597CD /* UIApplication */ = {
			isa = PBXGroup;
			children = (
				E576DB07196D55E8002597CD /* UIApplicationX.h */,
				E576DB08196D55E8002597CD /* UIApplicationX.m */,
			);
			path = UIApplication;
			sourceTree = "<group>";
		};
		E576DB09196D55E8002597CD /* UIBarButtonItem */ = {
			isa = PBXGroup;
			children = (
				E576DB0A196D55E8002597CD /* UIBarButtonItem+SHBarButtonItemBlocks.h */,
				E576DB0B196D55E8002597CD /* UIBarButtonItem+SHBarButtonItemBlocks.m */,
			);
			path = UIBarButtonItem;
			sourceTree = "<group>";
		};
		E576DB0C196D55E8002597CD /* UIColor */ = {
			isa = PBXGroup;
			children = (
				E576DB0D196D55E8002597CD /* UIColor+Components.h */,
				E576DB0E196D55E8002597CD /* UIColor+Components.m */,
				E576DB0F196D55E8002597CD /* UIColor+Hex.h */,
				E576DB10196D55E8002597CD /* UIColor+Hex.m */,
				E576DB11196D55E8002597CD /* UIColor+Modify.h */,
				E576DB12196D55E8002597CD /* UIColor+Modify.m */,
				E576DB13196D55E8002597CD /* UIColorX.h */,
				E576DB14196D55E8002597CD /* UIColorX.m */,
			);
			path = UIColor;
			sourceTree = "<group>";
		};
		E576DB15196D55E8002597CD /* UIControl */ = {
			isa = PBXGroup;
			children = (
				E576DB16196D55E8002597CD /* UIControl+SHControlBlocks.h */,
				E576DB17196D55E8002597CD /* UIControl+SHControlBlocks.m */,
			);
			path = UIControl;
			sourceTree = "<group>";
		};
		E576DB18196D55E8002597CD /* UIDevice */ = {
			isa = PBXGroup;
			children = (
				E576DB19196D55E8002597CD /* UIDeviceX.h */,
				E576DB1A196D55E8002597CD /* UIDeviceX.m */,
			);
			path = UIDevice;
			sourceTree = "<group>";
		};
		E576DB1B196D55E8002597CD /* UIGestureRecognizer */ = {
			isa = PBXGroup;
			children = (
				E576DB1C196D55E8002597CD /* UIGestureRecognizer+SHGestureRecognizerBlocks.h */,
				E576DB1D196D55E8002597CD /* UIGestureRecognizer+SHGestureRecognizerBlocks.m */,
			);
			path = UIGestureRecognizer;
			sourceTree = "<group>";
		};
		E576DB1E196D55E8002597CD /* UIImage */ = {
			isa = PBXGroup;
			children = (
				E576DB1F196D55E8002597CD /* UIImage+AnimatedGIF.h */,
				E576DB20196D55E8002597CD /* UIImage+AnimatedGIF.m */,
				E576DB21196D55E8002597CD /* UIImage+Extension.h */,
				E576DB22196D55E8002597CD /* UIImage+Extension.m */,
				E576DB23196D55E8002597CD /* UIImage+ImageEffects.h */,
				E576DB24196D55E8002597CD /* UIImage+ImageEffects.m */,
				E576DB25196D55E8002597CD /* UIImage+ImageWithColor.h */,
				E576DB26196D55E8002597CD /* UIImage+ImageWithColor.m */,
				E576DB27196D55E8002597CD /* UIImage+Scale.h */,
				E576DB28196D55E8002597CD /* UIImage+Scale.m */,
				E576DB29196D55E8002597CD /* UIImage+UIColor.h */,
				E576DB2A196D55E8002597CD /* UIImage+UIColor.m */,
				E576DB2B196D55E8002597CD /* UIImageX.h */,
				E576DB2C196D55E8002597CD /* UIImageX.m */,
			);
			path = UIImage;
			sourceTree = "<group>";
		};
		E576DB2D196D55E8002597CD /* UINavigationController */ = {
			isa = PBXGroup;
			children = (
				E576DB2E196D55E8002597CD /* UINavigationController+SHNavigationControllerBlocks.h */,
				E576DB2F196D55E8002597CD /* UINavigationController+SHNavigationControllerBlocks.m */,
			);
			path = UINavigationController;
			sourceTree = "<group>";
		};
		E576DB30196D55E8002597CD /* UISearchBar */ = {
			isa = PBXGroup;
			children = (
				E576DB31196D55E8002597CD /* UISearchBar+Blocks.h */,
				E576DB32196D55E8002597CD /* UISearchBar+Blocks.m */,
			);
			path = UISearchBar;
			sourceTree = "<group>";
		};
		E576DB33196D55E8002597CD /* UITabBarController */ = {
			isa = PBXGroup;
			children = (
				E576DB34196D55E8002597CD /* UITabBarController+SHTabBarControllerBlocks.h */,
				E576DB35196D55E8002597CD /* UITabBarController+SHTabBarControllerBlocks.m */,
				E576DB36196D55E8002597CD /* UITabBarControllerX.h */,
				E576DB37196D55E8002597CD /* UITabBarControllerX.m */,
			);
			path = UITabBarController;
			sourceTree = "<group>";
		};
		E576DB38196D55E8002597CD /* UITextField */ = {
			isa = PBXGroup;
			children = (
				E576DB39196D55E8002597CD /* UITextField+SHTextFieldBlocks.h */,
				E576DB3A196D55E8002597CD /* UITextField+SHTextFieldBlocks.m */,
			);
			path = UITextField;
			sourceTree = "<group>";
		};
		E576DB3B196D55E8002597CD /* UITextView */ = {
			isa = PBXGroup;
			children = (
				E576DB3C196D55E8002597CD /* UITextView+SHTextViewBlocks.h */,
				E576DB3D196D55E8002597CD /* UITextView+SHTextViewBlocks.m */,
			);
			path = UITextView;
			sourceTree = "<group>";
		};
		E576DB3E196D55E8002597CD /* UIView */ = {
			isa = PBXGroup;
			children = (
				E576DB3F196D55E8002597CD /* UIView+AnimationExtensions.h */,
				E576DB40196D55E8002597CD /* UIView+AnimationExtensions.m */,
				E576DB41196D55E8002597CD /* UIView+Geometry.h */,
				E576DB42196D55E8002597CD /* UIView+Geometry.m */,
				E576DB43196D55E8002597CD /* UIViewX.h */,
				E576DB44196D55E8002597CD /* UIViewX.m */,
			);
			path = UIView;
			sourceTree = "<group>";
		};
		E576DB45196D55E8002597CD /* UIViewController */ = {
			isa = PBXGroup;
			children = (
				E576DB46196D55E8002597CD /* UIViewController+SHSegueBlocks.h */,
				E576DB47196D55E8002597CD /* UIViewController+SHSegueBlocks.m */,
				E576DB48196D55E8002597CD /* UIViewController+SHTransitionBlocks.h */,
				E576DB49196D55E8002597CD /* UIViewController+SHTransitionBlocks.m */,
			);
			path = UIViewController;
			sourceTree = "<group>";
		};
		E576DB4A196D55E8002597CD /* UIWebView */ = {
			isa = PBXGroup;
			children = (
				E576DB4B196D55E8002597CD /* UIWebView+SHWebViewBlocks.h */,
				E576DB4C196D55E8002597CD /* UIWebView+SHWebViewBlocks.m */,
				E576DB4D196D55E8002597CD /* UIWebViewX.h */,
				E576DB4E196D55E8002597CD /* UIWebViewX.m */,
			);
			path = UIWebView;
			sourceTree = "<group>";
		};
/* End PBXGroup section */

/* Begin PBXNativeTarget section */
		E557A49E196C852200537F37 /* WeatherForecast */ = {
			isa = PBXNativeTarget;
			buildConfigurationList = E557A4D1196C852200537F37 /* Build configuration list for PBXNativeTarget "WeatherForecast" */;
			buildPhases = (
				717BB15F4D524F25BA265A5C /* Check Pods Manifest.lock */,
				E557A49B196C852200537F37 /* Sources */,
				E557A49C196C852200537F37 /* Frameworks */,
				E557A49D196C852200537F37 /* Resources */,
				C7703A815EA04AFCBD91EADE /* Copy Pods Resources */,
			);
			buildRules = (
			);
			dependencies = (
			);
			name = WeatherForecast;
			productName = WeatherForecast;
			productReference = E557A49F196C852200537F37 /* WeatherForecast.app */;
			productType = "com.apple.product-type.application";
		};
		E57117D9196EE6BB00EC1698 /* WeatherForecast Tests */ = {
			isa = PBXNativeTarget;
			buildConfigurationList = E57117E9196EE6BC00EC1698 /* Build configuration list for PBXNativeTarget "WeatherForecast Tests" */;
			buildPhases = (
				E57117D6196EE6BB00EC1698 /* Sources */,
				E57117D7196EE6BB00EC1698 /* Frameworks */,
				E57117D8196EE6BB00EC1698 /* Resources */,
			);
			buildRules = (
			);
			dependencies = (
				E57117E8196EE6BC00EC1698 /* PBXTargetDependency */,
			);
			name = "WeatherForecast Tests";
			productName = "WeatherForecast Tests";
			productReference = E57117DA196EE6BB00EC1698 /* WeatherForecast Tests.xctest */;
			productType = "com.apple.product-type.bundle.unit-test";
		};
/* End PBXNativeTarget section */

/* Begin PBXProject section */
		E557A497196C852200537F37 /* Project object */ = {
			isa = PBXProject;
			attributes = {
				CLASSPREFIX = WF;
				LastUpgradeCheck = 0510;
				ORGANIZATIONNAME = "Iegor Borodai";
				TargetAttributes = {
					E57117D9196EE6BB00EC1698 = {
						TestTargetID = E557A49E196C852200537F37;
					};
				};
			};
			buildConfigurationList = E557A49A196C852200537F37 /* Build configuration list for PBXProject "WeatherForecast" */;
			compatibilityVersion = "Xcode 3.2";
			developmentRegion = English;
			hasScannedForEncodings = 0;
			knownRegions = (
				en,
				Base,
			);
			mainGroup = E557A496196C852200537F37;
			productRefGroup = E557A4A0196C852200537F37 /* Products */;
			projectDirPath = "";
			projectRoot = "";
			targets = (
				E557A49E196C852200537F37 /* WeatherForecast */,
				E57117D9196EE6BB00EC1698 /* WeatherForecast Tests */,
			);
		};
/* End PBXProject section */

/* Begin PBXResourcesBuildPhase section */
		E557A49D196C852200537F37 /* Resources */ = {
			isa = PBXResourcesBuildPhase;
			buildActionMask = 2147483647;
			files = (
				E5EEA146196D8032003F7AEE /* WFDayForecastView.xib in Resources */,
				E570DC64196DC6D500604472 /* NimbusSanNovDLig.ttf in Resources */,
				E557A50C196C860500537F37 /* Images.xcassets in Resources */,
				E557A50A196C860500537F37 /* Main.storyboard in Resources */,
				E557A50B196C860500537F37 /* InfoPlist.strings in Resources */,
				E570DC65196DC6D500604472 /* NimbusSanNovDUltLig.ttf in Resources */,
			);
			runOnlyForDeploymentPostprocessing = 0;
		};
		E57117D8196EE6BB00EC1698 /* Resources */ = {
			isa = PBXResourcesBuildPhase;
			buildActionMask = 2147483647;
			files = (
				E57117E3196EE6BB00EC1698 /* InfoPlist.strings in Resources */,
			);
			runOnlyForDeploymentPostprocessing = 0;
		};
/* End PBXResourcesBuildPhase section */

/* Begin PBXShellScriptBuildPhase section */
		717BB15F4D524F25BA265A5C /* Check Pods Manifest.lock */ = {
			isa = PBXShellScriptBuildPhase;
			buildActionMask = 2147483647;
			files = (
			);
			inputPaths = (
			);
			name = "Check Pods Manifest.lock";
			outputPaths = (
			);
			runOnlyForDeploymentPostprocessing = 0;
			shellPath = /bin/sh;
			shellScript = "diff \"${PODS_ROOT}/../Podfile.lock\" \"${PODS_ROOT}/Manifest.lock\" > /dev/null\nif [[ $? != 0 ]] ; then\n    cat << EOM\nerror: The sandbox is not in sync with the Podfile.lock. Run 'pod install' or update your CocoaPods installation.\nEOM\n    exit 1\nfi\n";
			showEnvVarsInLog = 0;
		};
		C7703A815EA04AFCBD91EADE /* Copy Pods Resources */ = {
			isa = PBXShellScriptBuildPhase;
			buildActionMask = 2147483647;
			files = (
			);
			inputPaths = (
			);
			name = "Copy Pods Resources";
			outputPaths = (
			);
			runOnlyForDeploymentPostprocessing = 0;
			shellPath = /bin/sh;
			shellScript = "\"${SRCROOT}/Pods/Pods-resources.sh\"\n";
			showEnvVarsInLog = 0;
		};
/* End PBXShellScriptBuildPhase section */

/* Begin PBXSourcesBuildPhase section */
		E557A49B196C852200537F37 /* Sources */ = {
			isa = PBXSourcesBuildPhase;
			buildActionMask = 2147483647;
			files = (
				E557A50F196C860500537F37 /* WFAppDelegate.m in Sources */,
				E576DB56196D55E8002597CD /* NSDate+Month.m in Sources */,
				E576DB7F196D55E8002597CD /* UIImageX.m in Sources */,
				E576DB85196D55E8002597CD /* UITextView+SHTextViewBlocks.m in Sources */,
				E576DB6E196D55E8002597CD /* UIAlertView+SHAlertViewBlocks.m in Sources */,
				E576DB75196D55E8002597CD /* UIColorX.m in Sources */,
				E576DB59196D55E8002597CD /* NSDate+Year.m in Sources */,
				E576DB77196D55E8002597CD /* UIDeviceX.m in Sources */,
				E576DB78196D55E8002597CD /* UIGestureRecognizer+SHGestureRecognizerBlocks.m in Sources */,
				E576DB61196D55E8002597CD /* NSObject+MTKObserving.m in Sources */,
				E576DB74196D55E8002597CD /* UIColor+Modify.m in Sources */,
				E576DB54196D55E8002597CD /* NSDate+DateTime.m in Sources */,
				E557A50D196C860500537F37 /* main.m in Sources */,
				E576DB71196D55E8002597CD /* UIBarButtonItem+SHBarButtonItemBlocks.m in Sources */,
				E557A510196C860500537F37 /* PHClassTypeConvertor.m in Sources */,
				E576DB72196D55E8002597CD /* UIColor+Components.m in Sources */,
				E576DB69196D55E8002597CD /* NSStringX.m in Sources */,
				E576DB7A196D55E8002597CD /* UIImage+Extension.m in Sources */,
				E576DB70196D55E8002597CD /* UIApplicationX.m in Sources */,
				E576DB84196D55E8002597CD /* UITextField+SHTextFieldBlocks.m in Sources */,
				E557A55A196C8B8100537F37 /* WFRightSideCityLookupViewController.m in Sources */,
				E576DB6C196D55E8002597CD /* UIActionSheet+Blocks.m in Sources */,
				E576DB89196D55E8002597CD /* UIViewController+SHSegueBlocks.m in Sources */,
				E53FA131196D3D7D0083173F /* Model.xcdatamodeld in Sources */,
				E5CC168C196C97F400CC06C6 /* WFAppearenceManager.m in Sources */,
				E557A509196C860500537F37 /* NCNetworkClient.m in Sources */,
				E576DB55196D55E8002597CD /* NSDate+Day.m in Sources */,
				E576DB65196D55E8002597CD /* md5.m in Sources */,
				E576DB58196D55E8002597CD /* NSDate+Week.m in Sources */,
				E576DB5D196D55E8002597CD /* NSFileManagerX.m in Sources */,
				E570A8BD196D14CA00D63023 /* WFPageBaseContentViewController.m in Sources */,
				E5EEA144196D7E8B003F7AEE /* WFDayForecastView.m in Sources */,
				E576DB80196D55E8002597CD /* UINavigationController+SHNavigationControllerBlocks.m in Sources */,
				E557A506196C860500537F37 /* NCNetworkManager.m in Sources */,
				E557A508196C860500537F37 /* NCNetworkResponseSerializer.m in Sources */,
				E576DB87196D55E8002597CD /* UIView+Geometry.m in Sources */,
				E576DB5A196D55E8002597CD /* NSDateX.m in Sources */,
				E576DB4F196D55E8002597CD /* Lyt.m in Sources */,
				E5EEA149196D8757003F7AEE /* PHGraphObject.m in Sources */,
				E5754D78196DC15B00E41359 /* UILabel+CustomFont.m in Sources */,
				E576DB86196D55E8002597CD /* UIView+AnimationExtensions.m in Sources */,
				E576DB83196D55E8002597CD /* UITabBarControllerX.m in Sources */,
				E557A501196C860500537F37 /* ACEphemeralObject.m in Sources */,
				E576DB50196D55E8002597CD /* MKMapViewX.m in Sources */,
				E576DB6A196D55E8002597CD /* NSURLX.m in Sources */,
				E576DB53196D55E8002597CD /* NSDate+CupertinoYankee.m in Sources */,
				E557A507196C860500537F37 /* NCNetworkRequestSerializer.m in Sources */,
				E5EEA13E196D6B8A003F7AEE /* WFGlobalDataManager.m in Sources */,
				E576DB5F196D55E8002597CD /* NSMutableArrayX.m in Sources */,
				E576DB5E196D55E8002597CD /* NSManagedObjectContextX.m in Sources */,
				E576DB60196D55E8002597CD /* MTKObserver.m in Sources */,
				E576DB8B196D55E8002597CD /* UIWebView+SHWebViewBlocks.m in Sources */,
				E576DB62196D55E8002597CD /* NSObject+SHObjectUserInfo.m in Sources */,
				E576DB8A196D55E8002597CD /* UIViewController+SHTransitionBlocks.m in Sources */,
				E576DB88196D55E8002597CD /* UIViewX.m in Sources */,
				E576DB5C196D55E8002597CD /* NSExceptionX.m in Sources */,
				E576DB52196D55E8002597CD /* NSDate+Components.m in Sources */,
				E576DB6F196D55E8002597CD /* UIAlertViewX.m in Sources */,
				E576DB6D196D55E8002597CD /* UIActionSheet+SHActionSheetBlocks.m in Sources */,
				E576DB82196D55E8002597CD /* UITabBarController+SHTabBarControllerBlocks.m in Sources */,
				E576DB8C196D55E8002597CD /* UIWebViewX.m in Sources */,
				E557A554196C8B4900537F37 /* WFLeftSideCityListViewController.m in Sources */,
				E576DB76196D55E8002597CD /* UIControl+SHControlBlocks.m in Sources */,
				E576DB7B196D55E8002597CD /* UIImage+ImageEffects.m in Sources */,
				E576DB79196D55E8002597CD /* UIImage+AnimatedGIF.m in Sources */,
				E576DB5B196D55E8002597CD /* NSDictionaryX.m in Sources */,
				E576DB7D196D55E8002597CD /* UIImage+Scale.m in Sources */,
				E5CC1690196C999E00CC06C6 /* WFPageDataSourceViewController.m in Sources */,
				E576DB57196D55E8002597CD /* NSDate+Time.m in Sources */,
				E576DB7C196D55E8002597CD /* UIImage+ImageWithColor.m in Sources */,
				E576DB7E196D55E8002597CD /* UIImage+UIColor.m in Sources */,
				E576DB51196D55E8002597CD /* NSDate+Compare.m in Sources */,
				E576DB64196D55E8002597CD /* NSSetX.m in Sources */,
				E576DB81196D55E8002597CD /* UISearchBar+Blocks.m in Sources */,
				E557A557196C8B7400537F37 /* WFCityWeatherViewController.m in Sources */,
				E5754D71196DAAB400E41359 /* City.m in Sources */,
				E576DB66196D55E8002597CD /* NSString+Color.m in Sources */,
				E576DB68196D55E8002597CD /* NSString+Validator.m in Sources */,
				E576DB6B196D55E8002597CD /* NSUUIDX.m in Sources */,
				E53FA134196D3F040083173F /* WeatherForecast.m in Sources */,
				E576DB67196D55E8002597CD /* NSString+Encode.m in Sources */,
				E576DB63196D55E8002597CD /* NSObjectX.m in Sources */,
				E576DB73196D55E8002597CD /* UIColor+Hex.m in Sources */,
			);
			runOnlyForDeploymentPostprocessing = 0;
		};
		E57117D6196EE6BB00EC1698 /* Sources */ = {
			isa = PBXSourcesBuildPhase;
			buildActionMask = 2147483647;
			files = (
				E57A3F06196EFD0300EFC0C9 /* WFUIWorkAroundKIFTests.m in Sources */,
				E57117EE196EE74300EC1698 /* PHPhoenixBaseTests.m in Sources */,
				E57117E5196EE6BC00EC1698 /* WeatherForecastTests.m in Sources */,
				E57117F2196EE7BD00EC1698 /* NCNetworkResponseSerializer.m in Sources */,
				E57117EF196EE7B300EC1698 /* NCNetworkClient.m in Sources */,
				E57117F0196EE7BD00EC1698 /* NCNetworkManager.m in Sources */,
				E57117F1196EE7BD00EC1698 /* NCNetworkRequestSerializer.m in Sources */,
			);
			runOnlyForDeploymentPostprocessing = 0;
		};
/* End PBXSourcesBuildPhase section */

/* Begin PBXTargetDependency section */
		E57117E8196EE6BC00EC1698 /* PBXTargetDependency */ = {
			isa = PBXTargetDependency;
			target = E557A49E196C852200537F37 /* WeatherForecast */;
			targetProxy = E57117E7196EE6BC00EC1698 /* PBXContainerItemProxy */;
		};
/* End PBXTargetDependency section */

/* Begin PBXVariantGroup section */
		E557A4F2196C860500537F37 /* Main.storyboard */ = {
			isa = PBXVariantGroup;
			children = (
				E557A4F3196C860500537F37 /* Base */,
			);
			name = Main.storyboard;
			sourceTree = "<group>";
		};
		E557A4F4196C860500537F37 /* InfoPlist.strings */ = {
			isa = PBXVariantGroup;
			children = (
				E557A4F5196C860500537F37 /* en */,
			);
			name = InfoPlist.strings;
			sourceTree = "<group>";
		};
		E57117E1196EE6BB00EC1698 /* InfoPlist.strings */ = {
			isa = PBXVariantGroup;
			children = (
				E57117E2196EE6BB00EC1698 /* en */,
			);
			name = InfoPlist.strings;
			sourceTree = "<group>";
		};
/* End PBXVariantGroup section */

/* Begin XCBuildConfiguration section */
		E557A4CF196C852200537F37 /* Debug */ = {
			isa = XCBuildConfiguration;
			buildSettings = {
				ALWAYS_SEARCH_USER_PATHS = NO;
				CLANG_CXX_LANGUAGE_STANDARD = "gnu++0x";
				CLANG_CXX_LIBRARY = "libc++";
				CLANG_ENABLE_MODULES = YES;
				CLANG_ENABLE_OBJC_ARC = YES;
				CLANG_WARN_BOOL_CONVERSION = YES;
				CLANG_WARN_CONSTANT_CONVERSION = YES;
				CLANG_WARN_DIRECT_OBJC_ISA_USAGE = YES_ERROR;
				CLANG_WARN_EMPTY_BODY = YES;
				CLANG_WARN_ENUM_CONVERSION = YES;
				CLANG_WARN_INT_CONVERSION = YES;
				CLANG_WARN_OBJC_ROOT_CLASS = YES_ERROR;
				CLANG_WARN__DUPLICATE_METHOD_MATCH = YES;
				"CODE_SIGN_IDENTITY[sdk=iphoneos*]" = "iPhone Developer";
				COPY_PHASE_STRIP = NO;
				GCC_C_LANGUAGE_STANDARD = gnu99;
				GCC_DYNAMIC_NO_PIC = NO;
				GCC_OPTIMIZATION_LEVEL = 0;
				GCC_PREPROCESSOR_DEFINITIONS = (
					"DEBUG=1",
					"$(inherited)",
				);
				GCC_SYMBOLS_PRIVATE_EXTERN = NO;
				GCC_WARN_64_TO_32_BIT_CONVERSION = YES;
				GCC_WARN_ABOUT_RETURN_TYPE = YES_ERROR;
				GCC_WARN_UNDECLARED_SELECTOR = YES;
				GCC_WARN_UNINITIALIZED_AUTOS = YES_AGGRESSIVE;
				GCC_WARN_UNUSED_FUNCTION = YES;
				GCC_WARN_UNUSED_VARIABLE = YES;
				IPHONEOS_DEPLOYMENT_TARGET = 7.1;
				ONLY_ACTIVE_ARCH = YES;
				PROVISIONING_PROFILE = "F5D07306-AF08-4012-97F5-13349AE520C0";
				SDKROOT = iphoneos;
				WARNING_CFLAGS = (
					"-Wno-objc-interface-ivars",
					"-Weverything",
					"-Wno-objc-missing-property-synthesis",
					"-Wno-pedantic",
					"-Wno-direct-ivar-access",
					"-Wno-unused-macros",
					"-Wno-covered-switch-default",
					"-Wno-overriding-method-mismatch",
					"-Wno-assign-enum",
					"-Wno-switch-enum",
					"-Wno-method-signatures",
					"-Wno-vla",
					"-Wno-cast-align",
					"-Wno-bad-function-cast",
				);
			};
			name = Debug;
		};
		E557A4D0196C852200537F37 /* Release */ = {
			isa = XCBuildConfiguration;
			buildSettings = {
				ALWAYS_SEARCH_USER_PATHS = NO;
				CLANG_CXX_LANGUAGE_STANDARD = "gnu++0x";
				CLANG_CXX_LIBRARY = "libc++";
				CLANG_ENABLE_MODULES = YES;
				CLANG_ENABLE_OBJC_ARC = YES;
				CLANG_WARN_BOOL_CONVERSION = YES;
				CLANG_WARN_CONSTANT_CONVERSION = YES;
				CLANG_WARN_DIRECT_OBJC_ISA_USAGE = YES_ERROR;
				CLANG_WARN_EMPTY_BODY = YES;
				CLANG_WARN_ENUM_CONVERSION = YES;
				CLANG_WARN_INT_CONVERSION = YES;
				CLANG_WARN_OBJC_ROOT_CLASS = YES_ERROR;
				CLANG_WARN__DUPLICATE_METHOD_MATCH = YES;
				"CODE_SIGN_IDENTITY[sdk=iphoneos*]" = "iPhone Developer";
				COPY_PHASE_STRIP = YES;
				ENABLE_NS_ASSERTIONS = NO;
				GCC_C_LANGUAGE_STANDARD = gnu99;
				GCC_WARN_64_TO_32_BIT_CONVERSION = YES;
				GCC_WARN_ABOUT_RETURN_TYPE = YES_ERROR;
				GCC_WARN_UNDECLARED_SELECTOR = YES;
				GCC_WARN_UNINITIALIZED_AUTOS = YES_AGGRESSIVE;
				GCC_WARN_UNUSED_FUNCTION = YES;
				GCC_WARN_UNUSED_VARIABLE = YES;
				IPHONEOS_DEPLOYMENT_TARGET = 7.1;
				PROVISIONING_PROFILE = "F5D07306-AF08-4012-97F5-13349AE520C0";
				SDKROOT = iphoneos;
				VALIDATE_PRODUCT = YES;
				WARNING_CFLAGS = (
					"-Wno-objc-interface-ivars",
					"-Weverything",
					"-Wno-objc-missing-property-synthesis",
					"-Wno-pedantic",
					"-Wno-direct-ivar-access",
					"-Wno-unused-macros",
					"-Wno-covered-switch-default",
					"-Wno-overriding-method-mismatch",
					"-Wno-assign-enum",
					"-Wno-switch-enum",
					"-Wno-method-signatures",
					"-Wno-vla",
					"-Wno-cast-align",
					"-Wno-bad-function-cast",
				);
			};
			name = Release;
		};
		E557A4D2196C852200537F37 /* Debug */ = {
			isa = XCBuildConfiguration;
			baseConfigurationReference = 777A1EF3017847CE9A4EB278 /* Pods.xcconfig */;
			buildSettings = {
				ASSETCATALOG_COMPILER_APPICON_NAME = AppIcon;
				ASSETCATALOG_COMPILER_LAUNCHIMAGE_NAME = LaunchImage;
				GCC_PRECOMPILE_PREFIX_HEADER = YES;
				GCC_PREFIX_HEADER = "WeatherForecast/Supporting Files/WeatherForecast-Prefix.pch";
				INFOPLIST_FILE = "$(SRCROOT)/WeatherForecast/Supporting Files/WeatherForecast-Info.plist";
				IPHONEOS_DEPLOYMENT_TARGET = 7.0;
				PRODUCT_NAME = "$(TARGET_NAME)";
				WRAPPER_EXTENSION = app;
			};
			name = Debug;
		};
		E557A4D3196C852200537F37 /* Release */ = {
			isa = XCBuildConfiguration;
			baseConfigurationReference = 777A1EF3017847CE9A4EB278 /* Pods.xcconfig */;
			buildSettings = {
				ASSETCATALOG_COMPILER_APPICON_NAME = AppIcon;
				ASSETCATALOG_COMPILER_LAUNCHIMAGE_NAME = LaunchImage;
				GCC_PRECOMPILE_PREFIX_HEADER = YES;
				GCC_PREFIX_HEADER = "WeatherForecast/Supporting Files/WeatherForecast-Prefix.pch";
				INFOPLIST_FILE = "$(SRCROOT)/WeatherForecast/Supporting Files/WeatherForecast-Info.plist";
				IPHONEOS_DEPLOYMENT_TARGET = 7.0;
				PRODUCT_NAME = "$(TARGET_NAME)";
				WRAPPER_EXTENSION = app;
			};
			name = Release;
		};
		E57117EA196EE6BC00EC1698 /* Debug */ = {
			isa = XCBuildConfiguration;
			baseConfigurationReference = 777A1EF3017847CE9A4EB278 /* Pods.xcconfig */;
			buildSettings = {
				BUNDLE_LOADER = "$(BUILT_PRODUCTS_DIR)/WeatherForecast.app/WeatherForecast";
				FRAMEWORK_SEARCH_PATHS = (
					"$(SDKROOT)/Developer/Library/Frameworks",
					"$(inherited)",
					"$(DEVELOPER_FRAMEWORKS_DIR)",
				);
				GCC_PRECOMPILE_PREFIX_HEADER = YES;
				GCC_PREFIX_HEADER = "WeatherForecast Tests/WeatherForecast Tests-Prefix.pch";
				GCC_PREPROCESSOR_DEFINITIONS = (
					"DEBUG=1",
					"$(inherited)",
				);
				INFOPLIST_FILE = "WeatherForecast Tests/WeatherForecast Tests-Info.plist";
				PRODUCT_NAME = "$(TARGET_NAME)";
				TEST_HOST = "$(BUNDLE_LOADER)";
				WRAPPER_EXTENSION = xctest;
			};
			name = Debug;
		};
		E57117EB196EE6BC00EC1698 /* Release */ = {
			isa = XCBuildConfiguration;
			baseConfigurationReference = 777A1EF3017847CE9A4EB278 /* Pods.xcconfig */;
			buildSettings = {
				BUNDLE_LOADER = "$(BUILT_PRODUCTS_DIR)/WeatherForecast.app/WeatherForecast";
				FRAMEWORK_SEARCH_PATHS = (
					"$(SDKROOT)/Developer/Library/Frameworks",
					"$(inherited)",
					"$(DEVELOPER_FRAMEWORKS_DIR)",
				);
				GCC_PRECOMPILE_PREFIX_HEADER = YES;
				GCC_PREFIX_HEADER = "WeatherForecast Tests/WeatherForecast Tests-Prefix.pch";
				INFOPLIST_FILE = "WeatherForecast Tests/WeatherForecast Tests-Info.plist";
				PRODUCT_NAME = "$(TARGET_NAME)";
				TEST_HOST = "$(BUNDLE_LOADER)";
				WRAPPER_EXTENSION = xctest;
			};
			name = Release;
		};
/* End XCBuildConfiguration section */

/* Begin XCConfigurationList section */
		E557A49A196C852200537F37 /* Build configuration list for PBXProject "WeatherForecast" */ = {
			isa = XCConfigurationList;
			buildConfigurations = (
				E557A4CF196C852200537F37 /* Debug */,
				E557A4D0196C852200537F37 /* Release */,
			);
			defaultConfigurationIsVisible = 0;
			defaultConfigurationName = Release;
		};
		E557A4D1196C852200537F37 /* Build configuration list for PBXNativeTarget "WeatherForecast" */ = {
			isa = XCConfigurationList;
			buildConfigurations = (
				E557A4D2196C852200537F37 /* Debug */,
				E557A4D3196C852200537F37 /* Release */,
			);
			defaultConfigurationIsVisible = 0;
			defaultConfigurationName = Release;
		};
		E57117E9196EE6BC00EC1698 /* Build configuration list for PBXNativeTarget "WeatherForecast Tests" */ = {
			isa = XCConfigurationList;
			buildConfigurations = (
				E57117EA196EE6BC00EC1698 /* Debug */,
				E57117EB196EE6BC00EC1698 /* Release */,
			);
			defaultConfigurationIsVisible = 0;
			defaultConfigurationName = Release;
		};
/* End XCConfigurationList section */

/* Begin XCVersionGroup section */
		E53FA12F196D3D7D0083173F /* Model.xcdatamodeld */ = {
			isa = XCVersionGroup;
			children = (
				E53FA130196D3D7D0083173F /* Model.xcdatamodel */,
			);
			currentVersion = E53FA130196D3D7D0083173F /* Model.xcdatamodel */;
			path = Model.xcdatamodeld;
			sourceTree = "<group>";
			versionGroupType = wrapper.xcdatamodel;
		};
/* End XCVersionGroup section */
	};
	rootObject = E557A497196C852200537F37 /* Project object */;
}
